// !$*UTF8*$!
{
	archiveVersion = 1;
	classes = {
	};
	objectVersion = 50;
	objects = {

/* Begin PBXBuildFile section */
		385B9F6A25DF7F210034EA06 /* FavoriteButton.swift in Sources */ = {isa = PBXBuildFile; fileRef = 385B9F6925DF7F210034EA06 /* FavoriteButton.swift */; };
		385B9F7225E0620A0034EA06 /* HexagonParameters.swift in Sources */ = {isa = PBXBuildFile; fileRef = 385B9F7125E0620A0034EA06 /* HexagonParameters.swift */; };
		385B9F7925E59D890034EA06 /* BadgeBackground.swift in Sources */ = {isa = PBXBuildFile; fileRef = 385B9F7825E59D880034EA06 /* BadgeBackground.swift */; };
		385B9F7C25E5A39A0034EA06 /* BadgeSymbol.swift in Sources */ = {isa = PBXBuildFile; fileRef = 385B9F7B25E5A39A0034EA06 /* BadgeSymbol.swift */; };
		385B9F7F25E5A4740034EA06 /* RotatedBadgeSymbol.swift in Sources */ = {isa = PBXBuildFile; fileRef = 385B9F7E25E5A4740034EA06 /* RotatedBadgeSymbol.swift */; };
		385B9F8225E5A4BE0034EA06 /* Badge.swift in Sources */ = {isa = PBXBuildFile; fileRef = 385B9F8125E5A4BE0034EA06 /* Badge.swift */; };
		385B9F8625E5A7380034EA06 /* hikeData.json in Resources */ = {isa = PBXBuildFile; fileRef = 385B9F8525E5A7380034EA06 /* hikeData.json */; };
		385B9F8925E5A79C0034EA06 /* Hike.swift in Sources */ = {isa = PBXBuildFile; fileRef = 385B9F8825E5A79C0034EA06 /* Hike.swift */; };
		385B9F9025E5A8540034EA06 /* GraphCapsule.swift in Sources */ = {isa = PBXBuildFile; fileRef = 385B9F8C25E5A8540034EA06 /* GraphCapsule.swift */; };
		385B9F9125E5A8540034EA06 /* HikeGraph.swift in Sources */ = {isa = PBXBuildFile; fileRef = 385B9F8D25E5A8540034EA06 /* HikeGraph.swift */; };
		385B9F9225E5A8540034EA06 /* HikeDetail.swift in Sources */ = {isa = PBXBuildFile; fileRef = 385B9F8E25E5A8540034EA06 /* HikeDetail.swift */; };
		385B9F9325E5A8540034EA06 /* HikeView.swift in Sources */ = {isa = PBXBuildFile; fileRef = 385B9F8F25E5A8540034EA06 /* HikeView.swift */; };
		385B9F9625E5B29A0034EA06 /* CategoryHome.swift in Sources */ = {isa = PBXBuildFile; fileRef = 385B9F9525E5B29A0034EA06 /* CategoryHome.swift */; };
		385B9F9925E5B4CF0034EA06 /* CategoryRow.swift in Sources */ = {isa = PBXBuildFile; fileRef = 385B9F9825E5B4CF0034EA06 /* CategoryRow.swift */; };
		385B9F9C25E5B60F0034EA06 /* CategoryItem.swift in Sources */ = {isa = PBXBuildFile; fileRef = 385B9F9B25E5B60F0034EA06 /* CategoryItem.swift */; };
		385B9FAD25EC38240034EA06 /* Profile.swift in Sources */ = {isa = PBXBuildFile; fileRef = 385B9FAC25EC38240034EA06 /* Profile.swift */; };
		385B9FB125EC38BB0034EA06 /* ProfileHost.swift in Sources */ = {isa = PBXBuildFile; fileRef = 385B9FB025EC38BB0034EA06 /* ProfileHost.swift */; };
		385B9FB525EC38F30034EA06 /* ProfileSummary.swift in Sources */ = {isa = PBXBuildFile; fileRef = 385B9FB425EC38F30034EA06 /* ProfileSummary.swift */; };
		385B9FB825EC39950034EA06 /* HikeBadge.swift in Sources */ = {isa = PBXBuildFile; fileRef = 385B9FB725EC39950034EA06 /* HikeBadge.swift */; };
		385B9FBB25EE05400034EA06 /* ProfileEditor.swift in Sources */ = {isa = PBXBuildFile; fileRef = 385B9FBA25EE05400034EA06 /* ProfileEditor.swift */; };
		38648BBE25DDB27300896DEA /* TextAreaView.swift in Sources */ = {isa = PBXBuildFile; fileRef = 38648BBD25DDB27300896DEA /* TextAreaView.swift */; };
		38648BC125DDB94200896DEA /* landmarkData.json in Resources */ = {isa = PBXBuildFile; fileRef = 38648BC025DDB94100896DEA /* landmarkData.json */; };
		38648BC425DDB95C00896DEA /* Landmark.swift in Sources */ = {isa = PBXBuildFile; fileRef = 38648BC325DDB95C00896DEA /* Landmark.swift */; };
		38648BC725DDBA8E00896DEA /* ModelData.swift in Sources */ = {isa = PBXBuildFile; fileRef = 38648BC625DDBA8E00896DEA /* ModelData.swift */; };
		38648BCF25DDBBBB00896DEA /* LandmarkRow.swift in Sources */ = {isa = PBXBuildFile; fileRef = 38648BCE25DDBBBB00896DEA /* LandmarkRow.swift */; };
		38648BD225DDBDA400896DEA /* LandmarkList.swift in Sources */ = {isa = PBXBuildFile; fileRef = 38648BD125DDBDA400896DEA /* LandmarkList.swift */; };
		38648BD525DDBEF100896DEA /* LandmarkDetail.swift in Sources */ = {isa = PBXBuildFile; fileRef = 38648BD425DDBEF100896DEA /* LandmarkDetail.swift */; };
		388F68FF25F02CFD001532E9 /* PageViewController.swift in Sources */ = {isa = PBXBuildFile; fileRef = 388F68FE25F02CFD001532E9 /* PageViewController.swift */; };
		388F690225F02E7A001532E9 /* FeatureCard.swift in Sources */ = {isa = PBXBuildFile; fileRef = 388F690125F02E7A001532E9 /* FeatureCard.swift */; };
		388F690525F02FF3001532E9 /* PageView.swift in Sources */ = {isa = PBXBuildFile; fileRef = 388F690425F02FF3001532E9 /* PageView.swift */; };
		388F690825F182FA001532E9 /* PageControl.swift in Sources */ = {isa = PBXBuildFile; fileRef = 388F690725F182FA001532E9 /* PageControl.swift */; };
		388F690F25F186D7001532E9 /* Assets.xcassets in Resources */ = {isa = PBXBuildFile; fileRef = 388F690E25F186D7001532E9 /* Assets.xcassets */; };
		388F691625F186D8001532E9 /* TestAppForWatch Extension.appex in Embed App Extensions */ = {isa = PBXBuildFile; fileRef = 388F691525F186D8001532E9 /* TestAppForWatch Extension.appex */; settings = {ATTRIBUTES = (RemoveHeadersOnCopy, ); }; };
		388F691D25F186D8001532E9 /* ContentView.swift in Sources */ = {isa = PBXBuildFile; fileRef = 388F691C25F186D8001532E9 /* ContentView.swift */; };
		388F691F25F186D8001532E9 /* NotificationController.swift in Sources */ = {isa = PBXBuildFile; fileRef = 388F691E25F186D8001532E9 /* NotificationController.swift */; };
		388F692125F186D8001532E9 /* NotificationView.swift in Sources */ = {isa = PBXBuildFile; fileRef = 388F692025F186D8001532E9 /* NotificationView.swift */; };
		388F692325F186D8001532E9 /* ComplicationController.swift in Sources */ = {isa = PBXBuildFile; fileRef = 388F692225F186D8001532E9 /* ComplicationController.swift */; };
		388F692525F186DB001532E9 /* Assets.xcassets in Resources */ = {isa = PBXBuildFile; fileRef = 388F692425F186DB001532E9 /* Assets.xcassets */; };
		388F692825F186DB001532E9 /* Preview Assets.xcassets in Resources */ = {isa = PBXBuildFile; fileRef = 388F692725F186DB001532E9 /* Preview Assets.xcassets */; };
		388F692D25F186DB001532E9 /* TestAppForWatch.app in Embed Watch Content */ = {isa = PBXBuildFile; fileRef = 388F690C25F186D4001532E9 /* TestAppForWatch.app */; settings = {ATTRIBUTES = (RemoveHeadersOnCopy, ); }; };
		388F693F25F1B487001532E9 /* LandmarkRow.swift in Sources */ = {isa = PBXBuildFile; fileRef = 38648BCE25DDBBBB00896DEA /* LandmarkRow.swift */; };
		388F694025F1B487001532E9 /* LandmarkList.swift in Sources */ = {isa = PBXBuildFile; fileRef = 38648BD125DDBDA400896DEA /* LandmarkList.swift */; };
		388F694125F1B487001532E9 /* TestAppApp.swift in Sources */ = {isa = PBXBuildFile; fileRef = 93A4101725DCE59F0020111C /* TestAppApp.swift */; };
		388F694525F1B49D001532E9 /* ImageView.swift in Sources */ = {isa = PBXBuildFile; fileRef = 93A4102725DCE9900020111C /* ImageView.swift */; };
		388F694625F1B49D001532E9 /* MapView.swift in Sources */ = {isa = PBXBuildFile; fileRef = 93A4102A25DCEB400020111C /* MapView.swift */; };
		388F694A25F1B4AD001532E9 /* Landmark.swift in Sources */ = {isa = PBXBuildFile; fileRef = 38648BC325DDB95C00896DEA /* Landmark.swift */; };
		388F694B25F1B4AD001532E9 /* ModelData.swift in Sources */ = {isa = PBXBuildFile; fileRef = 38648BC625DDBA8E00896DEA /* ModelData.swift */; };
		388F694C25F1B4AD001532E9 /* Hike.swift in Sources */ = {isa = PBXBuildFile; fileRef = 385B9F8825E5A79C0034EA06 /* Hike.swift */; };
		388F694D25F1B4AD001532E9 /* Profile.swift in Sources */ = {isa = PBXBuildFile; fileRef = 385B9FAC25EC38240034EA06 /* Profile.swift */; };
		388F695125F1B4BD001532E9 /* Assets.xcassets in Resources */ = {isa = PBXBuildFile; fileRef = 93A4101B25DCE5A10020111C /* Assets.xcassets */; };
		388F695625F1B572001532E9 /* LandmarkDetail.swift in Sources */ = {isa = PBXBuildFile; fileRef = 388F695525F1B572001532E9 /* LandmarkDetail.swift */; };
		388F695A25F1B6A7001532E9 /* landmarkData.json in Resources */ = {isa = PBXBuildFile; fileRef = 38648BC025DDB94100896DEA /* landmarkData.json */; };
		388F695E25F1B6AB001532E9 /* hikeData.json in Resources */ = {isa = PBXBuildFile; fileRef = 385B9F8525E5A7380034EA06 /* hikeData.json */; };
		388F696B25F205A8001532E9 /* ContentView.swift in Sources */ = {isa = PBXBuildFile; fileRef = 388F696A25F205A8001532E9 /* ContentView.swift */; };
		388F696D25F205AD001532E9 /* Assets.xcassets in Resources */ = {isa = PBXBuildFile; fileRef = 388F696C25F205AD001532E9 /* Assets.xcassets */; };
		388F697025F205AD001532E9 /* Preview Assets.xcassets in Resources */ = {isa = PBXBuildFile; fileRef = 388F696F25F205AD001532E9 /* Preview Assets.xcassets */; };
		388F697E25F20696001532E9 /* TestAppApp.swift in Sources */ = {isa = PBXBuildFile; fileRef = 93A4101725DCE59F0020111C /* TestAppApp.swift */; };
		388F698325F206B8001532E9 /* ModelData.swift in Sources */ = {isa = PBXBuildFile; fileRef = 38648BC625DDBA8E00896DEA /* ModelData.swift */; };
		388F698425F206B8001532E9 /* Hike.swift in Sources */ = {isa = PBXBuildFile; fileRef = 385B9F8825E5A79C0034EA06 /* Hike.swift */; };
		388F698525F206B8001532E9 /* Landmark.swift in Sources */ = {isa = PBXBuildFile; fileRef = 38648BC325DDB95C00896DEA /* Landmark.swift */; };
		388F698625F206B8001532E9 /* Profile.swift in Sources */ = {isa = PBXBuildFile; fileRef = 385B9FAC25EC38240034EA06 /* Profile.swift */; };
		388F698B25F206C0001532E9 /* hikeData.json in Resources */ = {isa = PBXBuildFile; fileRef = 385B9F8525E5A7380034EA06 /* hikeData.json */; };
		388F698C25F206C0001532E9 /* landmarkData.json in Resources */ = {isa = PBXBuildFile; fileRef = 38648BC025DDB94100896DEA /* landmarkData.json */; };
		388F699125F206C7001532E9 /* TextAreaView.swift in Sources */ = {isa = PBXBuildFile; fileRef = 38648BBD25DDB27300896DEA /* TextAreaView.swift */; };
		388F699225F206C7001532E9 /* FavoriteButton.swift in Sources */ = {isa = PBXBuildFile; fileRef = 385B9F6925DF7F210034EA06 /* FavoriteButton.swift */; };
		388F699325F206C7001532E9 /* ImageView.swift in Sources */ = {isa = PBXBuildFile; fileRef = 93A4102725DCE9900020111C /* ImageView.swift */; };
		388F699425F206C7001532E9 /* MapView.swift in Sources */ = {isa = PBXBuildFile; fileRef = 93A4102A25DCEB400020111C /* MapView.swift */; };
		388F699925F206D6001532E9 /* LandmarkRow.swift in Sources */ = {isa = PBXBuildFile; fileRef = 38648BCE25DDBBBB00896DEA /* LandmarkRow.swift */; };
		388F699A25F206D6001532E9 /* LandmarkList.swift in Sources */ = {isa = PBXBuildFile; fileRef = 38648BD125DDBDA400896DEA /* LandmarkList.swift */; };
		388F69A025F207B4001532E9 /* LandmarkDetail.swift in Sources */ = {isa = PBXBuildFile; fileRef = 388F699F25F207B4001532E9 /* LandmarkDetail.swift */; };
		388F69A525F2091C001532E9 /* Assets.xcassets in Resources */ = {isa = PBXBuildFile; fileRef = 93A4101B25DCE5A10020111C /* Assets.xcassets */; };
		93A4101825DCE59F0020111C /* TestAppApp.swift in Sources */ = {isa = PBXBuildFile; fileRef = 93A4101725DCE59F0020111C /* TestAppApp.swift */; };
		93A4101A25DCE59F0020111C /* ContentView.swift in Sources */ = {isa = PBXBuildFile; fileRef = 93A4101925DCE59F0020111C /* ContentView.swift */; };
		93A4101C25DCE5A10020111C /* Assets.xcassets in Resources */ = {isa = PBXBuildFile; fileRef = 93A4101B25DCE5A10020111C /* Assets.xcassets */; };
		93A4101F25DCE5A10020111C /* Preview Assets.xcassets in Resources */ = {isa = PBXBuildFile; fileRef = 93A4101E25DCE5A10020111C /* Preview Assets.xcassets */; };
		93A4102825DCE9900020111C /* ImageView.swift in Sources */ = {isa = PBXBuildFile; fileRef = 93A4102725DCE9900020111C /* ImageView.swift */; };
		93A4102B25DCEB400020111C /* MapView.swift in Sources */ = {isa = PBXBuildFile; fileRef = 93A4102A25DCEB400020111C /* MapView.swift */; };
/* End PBXBuildFile section */

/* Begin PBXContainerItemProxy section */
		388F691725F186D8001532E9 /* PBXContainerItemProxy */ = {
			isa = PBXContainerItemProxy;
			containerPortal = 93A4100C25DCE59F0020111C /* Project object */;
			proxyType = 1;
			remoteGlobalIDString = 388F691425F186D8001532E9;
			remoteInfo = "TestAppForWatch Extension";
		};
		388F692B25F186DB001532E9 /* PBXContainerItemProxy */ = {
			isa = PBXContainerItemProxy;
			containerPortal = 93A4100C25DCE59F0020111C /* Project object */;
			proxyType = 1;
			remoteGlobalIDString = 388F690B25F186D4001532E9;
			remoteInfo = TestAppForWatch;
		};
/* End PBXContainerItemProxy section */

/* Begin PBXCopyFilesBuildPhase section */
		388F693125F186DB001532E9 /* Embed App Extensions */ = {
			isa = PBXCopyFilesBuildPhase;
			buildActionMask = 2147483647;
			dstPath = "";
			dstSubfolderSpec = 13;
			files = (
				388F691625F186D8001532E9 /* TestAppForWatch Extension.appex in Embed App Extensions */,
			);
			name = "Embed App Extensions";
			runOnlyForDeploymentPostprocessing = 0;
		};
		388F693525F186DB001532E9 /* Embed Watch Content */ = {
			isa = PBXCopyFilesBuildPhase;
			buildActionMask = 2147483647;
			dstPath = "$(CONTENTS_FOLDER_PATH)/Watch";
			dstSubfolderSpec = 16;
			files = (
				388F692D25F186DB001532E9 /* TestAppForWatch.app in Embed Watch Content */,
			);
			name = "Embed Watch Content";
			runOnlyForDeploymentPostprocessing = 0;
		};
/* End PBXCopyFilesBuildPhase section */

/* Begin PBXFileReference section */
		385B9F6925DF7F210034EA06 /* FavoriteButton.swift */ = {isa = PBXFileReference; lastKnownFileType = sourcecode.swift; path = FavoriteButton.swift; sourceTree = "<group>"; };
		385B9F7125E0620A0034EA06 /* HexagonParameters.swift */ = {isa = PBXFileReference; lastKnownFileType = sourcecode.swift; path = HexagonParameters.swift; sourceTree = "<group>"; };
		385B9F7825E59D880034EA06 /* BadgeBackground.swift */ = {isa = PBXFileReference; lastKnownFileType = sourcecode.swift; path = BadgeBackground.swift; sourceTree = "<group>"; };
		385B9F7B25E5A39A0034EA06 /* BadgeSymbol.swift */ = {isa = PBXFileReference; lastKnownFileType = sourcecode.swift; path = BadgeSymbol.swift; sourceTree = "<group>"; };
		385B9F7E25E5A4740034EA06 /* RotatedBadgeSymbol.swift */ = {isa = PBXFileReference; lastKnownFileType = sourcecode.swift; path = RotatedBadgeSymbol.swift; sourceTree = "<group>"; };
		385B9F8125E5A4BE0034EA06 /* Badge.swift */ = {isa = PBXFileReference; lastKnownFileType = sourcecode.swift; path = Badge.swift; sourceTree = "<group>"; };
		385B9F8525E5A7380034EA06 /* hikeData.json */ = {isa = PBXFileReference; fileEncoding = 4; lastKnownFileType = text.json; path = hikeData.json; sourceTree = "<group>"; };
		385B9F8825E5A79C0034EA06 /* Hike.swift */ = {isa = PBXFileReference; lastKnownFileType = sourcecode.swift; path = Hike.swift; sourceTree = "<group>"; };
		385B9F8C25E5A8540034EA06 /* GraphCapsule.swift */ = {isa = PBXFileReference; fileEncoding = 4; lastKnownFileType = sourcecode.swift; path = GraphCapsule.swift; sourceTree = "<group>"; };
		385B9F8D25E5A8540034EA06 /* HikeGraph.swift */ = {isa = PBXFileReference; fileEncoding = 4; lastKnownFileType = sourcecode.swift; path = HikeGraph.swift; sourceTree = "<group>"; };
		385B9F8E25E5A8540034EA06 /* HikeDetail.swift */ = {isa = PBXFileReference; fileEncoding = 4; lastKnownFileType = sourcecode.swift; path = HikeDetail.swift; sourceTree = "<group>"; };
		385B9F8F25E5A8540034EA06 /* HikeView.swift */ = {isa = PBXFileReference; fileEncoding = 4; lastKnownFileType = sourcecode.swift; path = HikeView.swift; sourceTree = "<group>"; };
		385B9F9525E5B29A0034EA06 /* CategoryHome.swift */ = {isa = PBXFileReference; lastKnownFileType = sourcecode.swift; path = CategoryHome.swift; sourceTree = "<group>"; };
		385B9F9825E5B4CF0034EA06 /* CategoryRow.swift */ = {isa = PBXFileReference; lastKnownFileType = sourcecode.swift; path = CategoryRow.swift; sourceTree = "<group>"; };
		385B9F9B25E5B60F0034EA06 /* CategoryItem.swift */ = {isa = PBXFileReference; lastKnownFileType = sourcecode.swift; path = CategoryItem.swift; sourceTree = "<group>"; };
		385B9FAC25EC38240034EA06 /* Profile.swift */ = {isa = PBXFileReference; lastKnownFileType = sourcecode.swift; path = Profile.swift; sourceTree = "<group>"; };
		385B9FB025EC38BB0034EA06 /* ProfileHost.swift */ = {isa = PBXFileReference; lastKnownFileType = sourcecode.swift; path = ProfileHost.swift; sourceTree = "<group>"; };
		385B9FB425EC38F30034EA06 /* ProfileSummary.swift */ = {isa = PBXFileReference; lastKnownFileType = sourcecode.swift; path = ProfileSummary.swift; sourceTree = "<group>"; };
		385B9FB725EC39950034EA06 /* HikeBadge.swift */ = {isa = PBXFileReference; lastKnownFileType = sourcecode.swift; path = HikeBadge.swift; sourceTree = "<group>"; };
		385B9FBA25EE05400034EA06 /* ProfileEditor.swift */ = {isa = PBXFileReference; lastKnownFileType = sourcecode.swift; path = ProfileEditor.swift; sourceTree = "<group>"; };
		38648BBD25DDB27300896DEA /* TextAreaView.swift */ = {isa = PBXFileReference; lastKnownFileType = sourcecode.swift; path = TextAreaView.swift; sourceTree = "<group>"; };
		38648BC025DDB94100896DEA /* landmarkData.json */ = {isa = PBXFileReference; fileEncoding = 4; lastKnownFileType = text.json; path = landmarkData.json; sourceTree = "<group>"; };
		38648BC325DDB95C00896DEA /* Landmark.swift */ = {isa = PBXFileReference; lastKnownFileType = sourcecode.swift; path = Landmark.swift; sourceTree = "<group>"; };
		38648BC625DDBA8E00896DEA /* ModelData.swift */ = {isa = PBXFileReference; lastKnownFileType = sourcecode.swift; path = ModelData.swift; sourceTree = "<group>"; };
		38648BCE25DDBBBB00896DEA /* LandmarkRow.swift */ = {isa = PBXFileReference; lastKnownFileType = sourcecode.swift; path = LandmarkRow.swift; sourceTree = "<group>"; };
		38648BD125DDBDA400896DEA /* LandmarkList.swift */ = {isa = PBXFileReference; lastKnownFileType = sourcecode.swift; path = LandmarkList.swift; sourceTree = "<group>"; };
		38648BD425DDBEF100896DEA /* LandmarkDetail.swift */ = {isa = PBXFileReference; lastKnownFileType = sourcecode.swift; path = LandmarkDetail.swift; sourceTree = "<group>"; };
		388F68FE25F02CFD001532E9 /* PageViewController.swift */ = {isa = PBXFileReference; lastKnownFileType = sourcecode.swift; path = PageViewController.swift; sourceTree = "<group>"; };
		388F690125F02E7A001532E9 /* FeatureCard.swift */ = {isa = PBXFileReference; lastKnownFileType = sourcecode.swift; path = FeatureCard.swift; sourceTree = "<group>"; };
		388F690425F02FF3001532E9 /* PageView.swift */ = {isa = PBXFileReference; lastKnownFileType = sourcecode.swift; path = PageView.swift; sourceTree = "<group>"; };
		388F690725F182FA001532E9 /* PageControl.swift */ = {isa = PBXFileReference; lastKnownFileType = sourcecode.swift; path = PageControl.swift; sourceTree = "<group>"; };
		388F690C25F186D4001532E9 /* TestAppForWatch.app */ = {isa = PBXFileReference; explicitFileType = wrapper.application; includeInIndex = 0; path = TestAppForWatch.app; sourceTree = BUILT_PRODUCTS_DIR; };
		388F690E25F186D7001532E9 /* Assets.xcassets */ = {isa = PBXFileReference; lastKnownFileType = folder.assetcatalog; path = Assets.xcassets; sourceTree = "<group>"; };
		388F691025F186D7001532E9 /* Info.plist */ = {isa = PBXFileReference; lastKnownFileType = text.plist.xml; path = Info.plist; sourceTree = "<group>"; };
		388F691525F186D8001532E9 /* TestAppForWatch Extension.appex */ = {isa = PBXFileReference; explicitFileType = "wrapper.app-extension"; includeInIndex = 0; path = "TestAppForWatch Extension.appex"; sourceTree = BUILT_PRODUCTS_DIR; };
		388F691C25F186D8001532E9 /* ContentView.swift */ = {isa = PBXFileReference; lastKnownFileType = sourcecode.swift; path = ContentView.swift; sourceTree = "<group>"; };
		388F691E25F186D8001532E9 /* NotificationController.swift */ = {isa = PBXFileReference; lastKnownFileType = sourcecode.swift; path = NotificationController.swift; sourceTree = "<group>"; };
		388F692025F186D8001532E9 /* NotificationView.swift */ = {isa = PBXFileReference; lastKnownFileType = sourcecode.swift; path = NotificationView.swift; sourceTree = "<group>"; };
		388F692225F186D8001532E9 /* ComplicationController.swift */ = {isa = PBXFileReference; lastKnownFileType = sourcecode.swift; path = ComplicationController.swift; sourceTree = "<group>"; };
		388F692425F186DB001532E9 /* Assets.xcassets */ = {isa = PBXFileReference; lastKnownFileType = folder.assetcatalog; path = Assets.xcassets; sourceTree = "<group>"; };
		388F692725F186DB001532E9 /* Preview Assets.xcassets */ = {isa = PBXFileReference; lastKnownFileType = folder.assetcatalog; path = "Preview Assets.xcassets"; sourceTree = "<group>"; };
		388F692925F186DB001532E9 /* Info.plist */ = {isa = PBXFileReference; lastKnownFileType = text.plist.xml; path = Info.plist; sourceTree = "<group>"; };
		388F692A25F186DB001532E9 /* PushNotificationPayload.apns */ = {isa = PBXFileReference; lastKnownFileType = text; path = PushNotificationPayload.apns; sourceTree = "<group>"; };
		388F695525F1B572001532E9 /* LandmarkDetail.swift */ = {isa = PBXFileReference; lastKnownFileType = sourcecode.swift; path = LandmarkDetail.swift; sourceTree = "<group>"; };
		388F696625F205A8001532E9 /* TestAppForMac.app */ = {isa = PBXFileReference; explicitFileType = wrapper.application; includeInIndex = 0; path = TestAppForMac.app; sourceTree = BUILT_PRODUCTS_DIR; };
		388F696A25F205A8001532E9 /* ContentView.swift */ = {isa = PBXFileReference; lastKnownFileType = sourcecode.swift; path = ContentView.swift; sourceTree = "<group>"; };
		388F696C25F205AD001532E9 /* Assets.xcassets */ = {isa = PBXFileReference; lastKnownFileType = folder.assetcatalog; path = Assets.xcassets; sourceTree = "<group>"; };
		388F696F25F205AD001532E9 /* Preview Assets.xcassets */ = {isa = PBXFileReference; lastKnownFileType = folder.assetcatalog; path = "Preview Assets.xcassets"; sourceTree = "<group>"; };
		388F697125F205AD001532E9 /* Info.plist */ = {isa = PBXFileReference; lastKnownFileType = text.plist.xml; path = Info.plist; sourceTree = "<group>"; };
		388F697225F205AD001532E9 /* TestAppForMac.entitlements */ = {isa = PBXFileReference; lastKnownFileType = text.plist.entitlements; path = TestAppForMac.entitlements; sourceTree = "<group>"; };
		388F699F25F207B4001532E9 /* LandmarkDetail.swift */ = {isa = PBXFileReference; lastKnownFileType = sourcecode.swift; path = LandmarkDetail.swift; sourceTree = "<group>"; };
		93A4101425DCE59F0020111C /* TestApp.app */ = {isa = PBXFileReference; explicitFileType = wrapper.application; includeInIndex = 0; path = TestApp.app; sourceTree = BUILT_PRODUCTS_DIR; };
		93A4101725DCE59F0020111C /* TestAppApp.swift */ = {isa = PBXFileReference; lastKnownFileType = sourcecode.swift; path = TestAppApp.swift; sourceTree = "<group>"; };
		93A4101925DCE59F0020111C /* ContentView.swift */ = {isa = PBXFileReference; lastKnownFileType = sourcecode.swift; path = ContentView.swift; sourceTree = "<group>"; };
		93A4101B25DCE5A10020111C /* Assets.xcassets */ = {isa = PBXFileReference; lastKnownFileType = folder.assetcatalog; path = Assets.xcassets; sourceTree = "<group>"; };
		93A4101E25DCE5A10020111C /* Preview Assets.xcassets */ = {isa = PBXFileReference; lastKnownFileType = folder.assetcatalog; path = "Preview Assets.xcassets"; sourceTree = "<group>"; };
		93A4102025DCE5A10020111C /* Info.plist */ = {isa = PBXFileReference; lastKnownFileType = text.plist.xml; path = Info.plist; sourceTree = "<group>"; };
		93A4102725DCE9900020111C /* ImageView.swift */ = {isa = PBXFileReference; lastKnownFileType = sourcecode.swift; path = ImageView.swift; sourceTree = "<group>"; };
		93A4102A25DCEB400020111C /* MapView.swift */ = {isa = PBXFileReference; lastKnownFileType = sourcecode.swift; path = MapView.swift; sourceTree = "<group>"; };
/* End PBXFileReference section */

/* Begin PBXFrameworksBuildPhase section */
		388F691225F186D8001532E9 /* Frameworks */ = {
			isa = PBXFrameworksBuildPhase;
			buildActionMask = 2147483647;
			files = (
			);
			runOnlyForDeploymentPostprocessing = 0;
		};
		388F696325F205A8001532E9 /* Frameworks */ = {
			isa = PBXFrameworksBuildPhase;
			buildActionMask = 2147483647;
			files = (
			);
			runOnlyForDeploymentPostprocessing = 0;
		};
		93A4101125DCE59F0020111C /* Frameworks */ = {
			isa = PBXFrameworksBuildPhase;
			buildActionMask = 2147483647;
			files = (
			);
			runOnlyForDeploymentPostprocessing = 0;
		};
/* End PBXFrameworksBuildPhase section */

/* Begin PBXGroup section */
		385B9F6C25DF7FBB0034EA06 /* Landmarks */ = {
			isa = PBXGroup;
			children = (
				38648BCE25DDBBBB00896DEA /* LandmarkRow.swift */,
				38648BD125DDBDA400896DEA /* LandmarkList.swift */,
				38648BD425DDBEF100896DEA /* LandmarkDetail.swift */,
			);
			path = Landmarks;
			sourceTree = "<group>";
		};
		385B9F6E25DF7FD70034EA06 /* Helpers */ = {
			isa = PBXGroup;
			children = (
				93A4102725DCE9900020111C /* ImageView.swift */,
				38648BBD25DDB27300896DEA /* TextAreaView.swift */,
				93A4102A25DCEB400020111C /* MapView.swift */,
				385B9F6925DF7F210034EA06 /* FavoriteButton.swift */,
			);
			path = Helpers;
			sourceTree = "<group>";
		};
		385B9F8425E5A5BF0034EA06 /* Badges */ = {
			isa = PBXGroup;
			children = (
				385B9F7125E0620A0034EA06 /* HexagonParameters.swift */,
				385B9F7825E59D880034EA06 /* BadgeBackground.swift */,
				385B9F7B25E5A39A0034EA06 /* BadgeSymbol.swift */,
				385B9F7E25E5A4740034EA06 /* RotatedBadgeSymbol.swift */,
				385B9F8125E5A4BE0034EA06 /* Badge.swift */,
			);
			path = Badges;
			sourceTree = "<group>";
		};
		385B9F8B25E5A8540034EA06 /* Hikes */ = {
			isa = PBXGroup;
			children = (
				385B9F8C25E5A8540034EA06 /* GraphCapsule.swift */,
				385B9F8D25E5A8540034EA06 /* HikeGraph.swift */,
				385B9F8E25E5A8540034EA06 /* HikeDetail.swift */,
				385B9F8F25E5A8540034EA06 /* HikeView.swift */,
				385B9FB725EC39950034EA06 /* HikeBadge.swift */,
			);
			path = Hikes;
			sourceTree = "<group>";
		};
		385B9FAF25EC38A70034EA06 /* Profiles */ = {
			isa = PBXGroup;
			children = (
				385B9FB025EC38BB0034EA06 /* ProfileHost.swift */,
				385B9FB425EC38F30034EA06 /* ProfileSummary.swift */,
				385B9FBA25EE05400034EA06 /* ProfileEditor.swift */,
			);
			path = Profiles;
			sourceTree = "<group>";
		};
		38648BC925DDBB5000896DEA /* Views */ = {
			isa = PBXGroup;
			children = (
				388F68FD25F02CEB001532E9 /* PageView */,
				385B9FAF25EC38A70034EA06 /* Profiles */,
				385B9F8B25E5A8540034EA06 /* Hikes */,
				385B9F8425E5A5BF0034EA06 /* Badges */,
				385B9F6E25DF7FD70034EA06 /* Helpers */,
				385B9F6C25DF7FBB0034EA06 /* Landmarks */,
				93A4101925DCE59F0020111C /* ContentView.swift */,
				385B9F9525E5B29A0034EA06 /* CategoryHome.swift */,
				385B9F9825E5B4CF0034EA06 /* CategoryRow.swift */,
				385B9F9B25E5B60F0034EA06 /* CategoryItem.swift */,
			);
			path = Views;
			sourceTree = "<group>";
		};
		38648BCA25DDBB7400896DEA /* Models */ = {
			isa = PBXGroup;
			children = (
				38648BC325DDB95C00896DEA /* Landmark.swift */,
				38648BC625DDBA8E00896DEA /* ModelData.swift */,
				385B9F8825E5A79C0034EA06 /* Hike.swift */,
				385B9FAC25EC38240034EA06 /* Profile.swift */,
			);
			path = Models;
			sourceTree = "<group>";
		};
		38648BCD25DDBB8F00896DEA /* Resources */ = {
			isa = PBXGroup;
			children = (
				385B9F8525E5A7380034EA06 /* hikeData.json */,
				38648BC025DDB94100896DEA /* landmarkData.json */,
			);
			path = Resources;
			sourceTree = "<group>";
		};
		388F68FD25F02CEB001532E9 /* PageView */ = {
			isa = PBXGroup;
			children = (
				388F68FE25F02CFD001532E9 /* PageViewController.swift */,
				388F690125F02E7A001532E9 /* FeatureCard.swift */,
				388F690425F02FF3001532E9 /* PageView.swift */,
				388F690725F182FA001532E9 /* PageControl.swift */,
			);
			path = PageView;
			sourceTree = "<group>";
		};
		388F690D25F186D4001532E9 /* TestAppForWatch */ = {
			isa = PBXGroup;
			children = (
				388F690E25F186D7001532E9 /* Assets.xcassets */,
				388F691025F186D7001532E9 /* Info.plist */,
			);
			path = TestAppForWatch;
			sourceTree = "<group>";
		};
		388F691925F186D8001532E9 /* TestAppForWatch Extension */ = {
			isa = PBXGroup;
			children = (
				388F691C25F186D8001532E9 /* ContentView.swift */,
				388F691E25F186D8001532E9 /* NotificationController.swift */,
				388F692025F186D8001532E9 /* NotificationView.swift */,
				388F692225F186D8001532E9 /* ComplicationController.swift */,
				388F692425F186DB001532E9 /* Assets.xcassets */,
				388F692925F186DB001532E9 /* Info.plist */,
				388F692A25F186DB001532E9 /* PushNotificationPayload.apns */,
				388F692625F186DB001532E9 /* Preview Content */,
				388F695525F1B572001532E9 /* LandmarkDetail.swift */,
			);
			path = "TestAppForWatch Extension";
			sourceTree = "<group>";
		};
		388F692625F186DB001532E9 /* Preview Content */ = {
			isa = PBXGroup;
			children = (
				388F692725F186DB001532E9 /* Preview Assets.xcassets */,
			);
			path = "Preview Content";
			sourceTree = "<group>";
		};
		388F696725F205A8001532E9 /* TestAppForMac */ = {
			isa = PBXGroup;
			children = (
				388F696A25F205A8001532E9 /* ContentView.swift */,
				388F696C25F205AD001532E9 /* Assets.xcassets */,
				388F697125F205AD001532E9 /* Info.plist */,
				388F697225F205AD001532E9 /* TestAppForMac.entitlements */,
				388F696E25F205AD001532E9 /* Preview Content */,
				388F699F25F207B4001532E9 /* LandmarkDetail.swift */,
			);
			path = TestAppForMac;
			sourceTree = "<group>";
		};
		388F696E25F205AD001532E9 /* Preview Content */ = {
			isa = PBXGroup;
			children = (
				388F696F25F205AD001532E9 /* Preview Assets.xcassets */,
			);
			path = "Preview Content";
			sourceTree = "<group>";
		};
		93A4100B25DCE59F0020111C = {
			isa = PBXGroup;
			children = (
				93A4101625DCE59F0020111C /* TestApp */,
				388F690D25F186D4001532E9 /* TestAppForWatch */,
				388F691925F186D8001532E9 /* TestAppForWatch Extension */,
				388F696725F205A8001532E9 /* TestAppForMac */,
				93A4101525DCE59F0020111C /* Products */,
			);
			sourceTree = "<group>";
		};
		93A4101525DCE59F0020111C /* Products */ = {
			isa = PBXGroup;
			children = (
				93A4101425DCE59F0020111C /* TestApp.app */,
				388F690C25F186D4001532E9 /* TestAppForWatch.app */,
				388F691525F186D8001532E9 /* TestAppForWatch Extension.appex */,
				388F696625F205A8001532E9 /* TestAppForMac.app */,
			);
			name = Products;
			sourceTree = "<group>";
		};
		93A4101625DCE59F0020111C /* TestApp */ = {
			isa = PBXGroup;
			children = (
				38648BCD25DDBB8F00896DEA /* Resources */,
				38648BCA25DDBB7400896DEA /* Models */,
				38648BC925DDBB5000896DEA /* Views */,
				93A4101725DCE59F0020111C /* TestAppApp.swift */,
				93A4101B25DCE5A10020111C /* Assets.xcassets */,
				93A4102025DCE5A10020111C /* Info.plist */,
				93A4101D25DCE5A10020111C /* Preview Content */,
			);
			path = TestApp;
			sourceTree = "<group>";
		};
		93A4101D25DCE5A10020111C /* Preview Content */ = {
			isa = PBXGroup;
			children = (
				93A4101E25DCE5A10020111C /* Preview Assets.xcassets */,
			);
			path = "Preview Content";
			sourceTree = "<group>";
		};
/* End PBXGroup section */

/* Begin PBXNativeTarget section */
		388F690B25F186D4001532E9 /* TestAppForWatch */ = {
			isa = PBXNativeTarget;
			buildConfigurationList = 388F693225F186DB001532E9 /* Build configuration list for PBXNativeTarget "TestAppForWatch" */;
			buildPhases = (
				388F690A25F186D4001532E9 /* Resources */,
				388F693125F186DB001532E9 /* Embed App Extensions */,
			);
			buildRules = (
			);
			dependencies = (
				388F691825F186D8001532E9 /* PBXTargetDependency */,
			);
			name = TestAppForWatch;
			productName = TestAppForWatch;
			productReference = 388F690C25F186D4001532E9 /* TestAppForWatch.app */;
			productType = "com.apple.product-type.application.watchapp2";
		};
		388F691425F186D8001532E9 /* TestAppForWatch Extension */ = {
			isa = PBXNativeTarget;
			buildConfigurationList = 388F692E25F186DB001532E9 /* Build configuration list for PBXNativeTarget "TestAppForWatch Extension" */;
			buildPhases = (
				388F691125F186D8001532E9 /* Sources */,
				388F691225F186D8001532E9 /* Frameworks */,
				388F691325F186D8001532E9 /* Resources */,
			);
			buildRules = (
			);
			dependencies = (
			);
			name = "TestAppForWatch Extension";
			productName = "TestAppForWatch Extension";
			productReference = 388F691525F186D8001532E9 /* TestAppForWatch Extension.appex */;
			productType = "com.apple.product-type.watchkit2-extension";
		};
		388F696525F205A8001532E9 /* TestAppForMac */ = {
			isa = PBXNativeTarget;
			buildConfigurationList = 388F697325F205AD001532E9 /* Build configuration list for PBXNativeTarget "TestAppForMac" */;
			buildPhases = (
				388F696225F205A8001532E9 /* Sources */,
				388F696325F205A8001532E9 /* Frameworks */,
				388F696425F205A8001532E9 /* Resources */,
			);
			buildRules = (
			);
			dependencies = (
			);
			name = TestAppForMac;
			productName = TestAppForMac;
			productReference = 388F696625F205A8001532E9 /* TestAppForMac.app */;
			productType = "com.apple.product-type.application";
		};
		93A4101325DCE59F0020111C /* TestApp */ = {
			isa = PBXNativeTarget;
			buildConfigurationList = 93A4102325DCE5A10020111C /* Build configuration list for PBXNativeTarget "TestApp" */;
			buildPhases = (
				93A4101025DCE59F0020111C /* Sources */,
				93A4101125DCE59F0020111C /* Frameworks */,
				93A4101225DCE59F0020111C /* Resources */,
				388F693525F186DB001532E9 /* Embed Watch Content */,
			);
			buildRules = (
			);
			dependencies = (
				388F692C25F186DB001532E9 /* PBXTargetDependency */,
			);
			name = TestApp;
			productName = TestApp;
			productReference = 93A4101425DCE59F0020111C /* TestApp.app */;
			productType = "com.apple.product-type.application";
		};
/* End PBXNativeTarget section */

/* Begin PBXProject section */
		93A4100C25DCE59F0020111C /* Project object */ = {
			isa = PBXProject;
			attributes = {
				LastSwiftUpdateCheck = 1240;
				LastUpgradeCheck = 1240;
				TargetAttributes = {
					388F690B25F186D4001532E9 = {
						CreatedOnToolsVersion = 12.4;
					};
					388F691425F186D8001532E9 = {
						CreatedOnToolsVersion = 12.4;
					};
					388F696525F205A8001532E9 = {
						CreatedOnToolsVersion = 12.4;
					};
					93A4101325DCE59F0020111C = {
						CreatedOnToolsVersion = 12.4;
					};
				};
			};
			buildConfigurationList = 93A4100F25DCE59F0020111C /* Build configuration list for PBXProject "TestApp" */;
			compatibilityVersion = "Xcode 9.3";
			developmentRegion = en;
			hasScannedForEncodings = 0;
			knownRegions = (
				en,
				Base,
			);
			mainGroup = 93A4100B25DCE59F0020111C;
			productRefGroup = 93A4101525DCE59F0020111C /* Products */;
			projectDirPath = "";
			projectRoot = "";
			targets = (
				93A4101325DCE59F0020111C /* TestApp */,
				388F690B25F186D4001532E9 /* TestAppForWatch */,
				388F691425F186D8001532E9 /* TestAppForWatch Extension */,
				388F696525F205A8001532E9 /* TestAppForMac */,
			);
		};
/* End PBXProject section */

/* Begin PBXResourcesBuildPhase section */
		388F690A25F186D4001532E9 /* Resources */ = {
			isa = PBXResourcesBuildPhase;
			buildActionMask = 2147483647;
			files = (
				388F690F25F186D7001532E9 /* Assets.xcassets in Resources */,
			);
			runOnlyForDeploymentPostprocessing = 0;
		};
		388F691325F186D8001532E9 /* Resources */ = {
			isa = PBXResourcesBuildPhase;
			buildActionMask = 2147483647;
			files = (
				388F692825F186DB001532E9 /* Preview Assets.xcassets in Resources */,
				388F695A25F1B6A7001532E9 /* landmarkData.json in Resources */,
				388F695125F1B4BD001532E9 /* Assets.xcassets in Resources */,
				388F692525F186DB001532E9 /* Assets.xcassets in Resources */,
				388F695E25F1B6AB001532E9 /* hikeData.json in Resources */,
			);
			runOnlyForDeploymentPostprocessing = 0;
		};
		388F696425F205A8001532E9 /* Resources */ = {
			isa = PBXResourcesBuildPhase;
			buildActionMask = 2147483647;
			files = (
				388F697025F205AD001532E9 /* Preview Assets.xcassets in Resources */,
				388F698C25F206C0001532E9 /* landmarkData.json in Resources */,
				388F698B25F206C0001532E9 /* hikeData.json in Resources */,
				388F696D25F205AD001532E9 /* Assets.xcassets in Resources */,
				388F69A525F2091C001532E9 /* Assets.xcassets in Resources */,
			);
			runOnlyForDeploymentPostprocessing = 0;
		};
		93A4101225DCE59F0020111C /* Resources */ = {
			isa = PBXResourcesBuildPhase;
			buildActionMask = 2147483647;
			files = (
				385B9F8625E5A7380034EA06 /* hikeData.json in Resources */,
				93A4101F25DCE5A10020111C /* Preview Assets.xcassets in Resources */,
				93A4101C25DCE5A10020111C /* Assets.xcassets in Resources */,
				38648BC125DDB94200896DEA /* landmarkData.json in Resources */,
			);
			runOnlyForDeploymentPostprocessing = 0;
		};
/* End PBXResourcesBuildPhase section */

/* Begin PBXSourcesBuildPhase section */
		388F691125F186D8001532E9 /* Sources */ = {
			isa = PBXSourcesBuildPhase;
			buildActionMask = 2147483647;
			files = (
				388F694525F1B49D001532E9 /* ImageView.swift in Sources */,
				388F691F25F186D8001532E9 /* NotificationController.swift in Sources */,
				388F694025F1B487001532E9 /* LandmarkList.swift in Sources */,
				388F694D25F1B4AD001532E9 /* Profile.swift in Sources */,
				388F691D25F186D8001532E9 /* ContentView.swift in Sources */,
				388F692325F186D8001532E9 /* ComplicationController.swift in Sources */,
				388F695625F1B572001532E9 /* LandmarkDetail.swift in Sources */,
				388F693F25F1B487001532E9 /* LandmarkRow.swift in Sources */,
				388F694C25F1B4AD001532E9 /* Hike.swift in Sources */,
				388F692125F186D8001532E9 /* NotificationView.swift in Sources */,
				388F694B25F1B4AD001532E9 /* ModelData.swift in Sources */,
				388F694625F1B49D001532E9 /* MapView.swift in Sources */,
				388F694125F1B487001532E9 /* TestAppApp.swift in Sources */,
				388F694A25F1B4AD001532E9 /* Landmark.swift in Sources */,
			);
			runOnlyForDeploymentPostprocessing = 0;
		};
		388F696225F205A8001532E9 /* Sources */ = {
			isa = PBXSourcesBuildPhase;
			buildActionMask = 2147483647;
			files = (
				388F699125F206C7001532E9 /* TextAreaView.swift in Sources */,
				388F696B25F205A8001532E9 /* ContentView.swift in Sources */,
				388F698625F206B8001532E9 /* Profile.swift in Sources */,
				388F699225F206C7001532E9 /* FavoriteButton.swift in Sources */,
				388F697E25F20696001532E9 /* TestAppApp.swift in Sources */,
				388F698425F206B8001532E9 /* Hike.swift in Sources */,
				388F699325F206C7001532E9 /* ImageView.swift in Sources */,
				388F69A025F207B4001532E9 /* LandmarkDetail.swift in Sources */,
				388F699A25F206D6001532E9 /* LandmarkList.swift in Sources */,
				388F699425F206C7001532E9 /* MapView.swift in Sources */,
				388F699925F206D6001532E9 /* LandmarkRow.swift in Sources */,
				388F698325F206B8001532E9 /* ModelData.swift in Sources */,
				388F698525F206B8001532E9 /* Landmark.swift in Sources */,
			);
			runOnlyForDeploymentPostprocessing = 0;
		};
		93A4101025DCE59F0020111C /* Sources */ = {
			isa = PBXSourcesBuildPhase;
			buildActionMask = 2147483647;
			files = (
				385B9F8925E5A79C0034EA06 /* Hike.swift in Sources */,
				388F690525F02FF3001532E9 /* PageView.swift in Sources */,
				385B9F7225E0620A0034EA06 /* HexagonParameters.swift in Sources */,
				93A4102825DCE9900020111C /* ImageView.swift in Sources */,
				93A4102B25DCEB400020111C /* MapView.swift in Sources */,
				385B9F9625E5B29A0034EA06 /* CategoryHome.swift in Sources */,
				385B9FB125EC38BB0034EA06 /* ProfileHost.swift in Sources */,
				385B9FB825EC39950034EA06 /* HikeBadge.swift in Sources */,
				388F690825F182FA001532E9 /* PageControl.swift in Sources */,
				385B9F9125E5A8540034EA06 /* HikeGraph.swift in Sources */,
				385B9F9925E5B4CF0034EA06 /* CategoryRow.swift in Sources */,
				93A4101A25DCE59F0020111C /* ContentView.swift in Sources */,
				388F690225F02E7A001532E9 /* FeatureCard.swift in Sources */,
				93A4101825DCE59F0020111C /* TestAppApp.swift in Sources */,
				38648BD225DDBDA400896DEA /* LandmarkList.swift in Sources */,
				385B9FB525EC38F30034EA06 /* ProfileSummary.swift in Sources */,
				385B9FBB25EE05400034EA06 /* ProfileEditor.swift in Sources */,
				385B9F9C25E5B60F0034EA06 /* CategoryItem.swift in Sources */,
				38648BBE25DDB27300896DEA /* TextAreaView.swift in Sources */,
				385B9F7C25E5A39A0034EA06 /* BadgeSymbol.swift in Sources */,
				385B9F7F25E5A4740034EA06 /* RotatedBadgeSymbol.swift in Sources */,
				385B9F8225E5A4BE0034EA06 /* Badge.swift in Sources */,
				38648BC425DDB95C00896DEA /* Landmark.swift in Sources */,
				385B9FAD25EC38240034EA06 /* Profile.swift in Sources */,
				388F68FF25F02CFD001532E9 /* PageViewController.swift in Sources */,
				385B9F7925E59D890034EA06 /* BadgeBackground.swift in Sources */,
				38648BCF25DDBBBB00896DEA /* LandmarkRow.swift in Sources */,
				385B9F9025E5A8540034EA06 /* GraphCapsule.swift in Sources */,
				385B9F9325E5A8540034EA06 /* HikeView.swift in Sources */,
				38648BD525DDBEF100896DEA /* LandmarkDetail.swift in Sources */,
				385B9F6A25DF7F210034EA06 /* FavoriteButton.swift in Sources */,
				38648BC725DDBA8E00896DEA /* ModelData.swift in Sources */,
				385B9F9225E5A8540034EA06 /* HikeDetail.swift in Sources */,
			);
			runOnlyForDeploymentPostprocessing = 0;
		};
/* End PBXSourcesBuildPhase section */

/* Begin PBXTargetDependency section */
		388F691825F186D8001532E9 /* PBXTargetDependency */ = {
			isa = PBXTargetDependency;
			target = 388F691425F186D8001532E9 /* TestAppForWatch Extension */;
			targetProxy = 388F691725F186D8001532E9 /* PBXContainerItemProxy */;
		};
		388F692C25F186DB001532E9 /* PBXTargetDependency */ = {
			isa = PBXTargetDependency;
			target = 388F690B25F186D4001532E9 /* TestAppForWatch */;
			targetProxy = 388F692B25F186DB001532E9 /* PBXContainerItemProxy */;
		};
/* End PBXTargetDependency section */

/* Begin XCBuildConfiguration section */
		388F692F25F186DB001532E9 /* Debug */ = {
			isa = XCBuildConfiguration;
			buildSettings = {
				ASSETCATALOG_COMPILER_COMPLICATION_NAME = Complication;
				CODE_SIGN_STYLE = Automatic;
				DEVELOPMENT_ASSET_PATHS = "\"TestAppForWatch Extension/Preview Content\"";
				DEVELOPMENT_TEAM = UUD4WPFJTD;
				ENABLE_PREVIEWS = YES;
				INFOPLIST_FILE = "TestAppForWatch Extension/Info.plist";
				LD_RUNPATH_SEARCH_PATHS = (
					"$(inherited)",
					"@executable_path/Frameworks",
					"@executable_path/../../Frameworks",
				);
				PRODUCT_BUNDLE_IDENTIFIER = com.ema.TestApp.watchkitapp.watchkitextension;
				PRODUCT_NAME = "${TARGET_NAME}";
				SDKROOT = watchos;
				SKIP_INSTALL = YES;
				SWIFT_VERSION = 5.0;
				TARGETED_DEVICE_FAMILY = 4;
				WATCHOS_DEPLOYMENT_TARGET = 7.2;
			};
			name = Debug;
		};
		388F693025F186DB001532E9 /* Release */ = {
			isa = XCBuildConfiguration;
			buildSettings = {
				ASSETCATALOG_COMPILER_COMPLICATION_NAME = Complication;
				CODE_SIGN_STYLE = Automatic;
				DEVELOPMENT_ASSET_PATHS = "\"TestAppForWatch Extension/Preview Content\"";
				DEVELOPMENT_TEAM = UUD4WPFJTD;
				ENABLE_PREVIEWS = YES;
				INFOPLIST_FILE = "TestAppForWatch Extension/Info.plist";
				LD_RUNPATH_SEARCH_PATHS = (
					"$(inherited)",
					"@executable_path/Frameworks",
					"@executable_path/../../Frameworks",
				);
				PRODUCT_BUNDLE_IDENTIFIER = com.ema.TestApp.watchkitapp.watchkitextension;
				PRODUCT_NAME = "${TARGET_NAME}";
				SDKROOT = watchos;
				SKIP_INSTALL = YES;
				SWIFT_VERSION = 5.0;
				TARGETED_DEVICE_FAMILY = 4;
				WATCHOS_DEPLOYMENT_TARGET = 7.2;
			};
			name = Release;
		};
		388F693325F186DB001532E9 /* Debug */ = {
			isa = XCBuildConfiguration;
			buildSettings = {
				ALWAYS_EMBED_SWIFT_STANDARD_LIBRARIES = YES;
				ASSETCATALOG_COMPILER_APPICON_NAME = AppIcon;
				ASSETCATALOG_COMPILER_GLOBAL_ACCENT_COLOR_NAME = AccentColor;
				CODE_SIGN_STYLE = Automatic;
				DEVELOPMENT_TEAM = KM9RBNDT3T;
				IBSC_MODULE = TestAppForWatch_Extension;
				INFOPLIST_FILE = TestAppForWatch/Info.plist;
				PRODUCT_BUNDLE_IDENTIFIER = com.ema.TestApp.watchkitapp;
				PRODUCT_NAME = "$(TARGET_NAME)";
				SDKROOT = watchos;
				SKIP_INSTALL = YES;
				SWIFT_VERSION = 5.0;
				TARGETED_DEVICE_FAMILY = 4;
				WATCHOS_DEPLOYMENT_TARGET = 7.2;
			};
			name = Debug;
		};
		388F693425F186DB001532E9 /* Release */ = {
			isa = XCBuildConfiguration;
			buildSettings = {
				ALWAYS_EMBED_SWIFT_STANDARD_LIBRARIES = YES;
				ASSETCATALOG_COMPILER_APPICON_NAME = AppIcon;
				ASSETCATALOG_COMPILER_GLOBAL_ACCENT_COLOR_NAME = AccentColor;
				CODE_SIGN_STYLE = Automatic;
				DEVELOPMENT_TEAM = KM9RBNDT3T;
				IBSC_MODULE = TestAppForWatch_Extension;
				INFOPLIST_FILE = TestAppForWatch/Info.plist;
				PRODUCT_BUNDLE_IDENTIFIER = com.ema.TestApp.watchkitapp;
				PRODUCT_NAME = "$(TARGET_NAME)";
				SDKROOT = watchos;
				SKIP_INSTALL = YES;
				SWIFT_VERSION = 5.0;
				TARGETED_DEVICE_FAMILY = 4;
				WATCHOS_DEPLOYMENT_TARGET = 7.2;
			};
			name = Release;
		};
		388F697425F205AD001532E9 /* Debug */ = {
			isa = XCBuildConfiguration;
			buildSettings = {
				ASSETCATALOG_COMPILER_APPICON_NAME = AppIcon;
				ASSETCATALOG_COMPILER_GLOBAL_ACCENT_COLOR_NAME = AccentColor;
				CODE_SIGN_ENTITLEMENTS = TestAppForMac/TestAppForMac.entitlements;
				CODE_SIGN_STYLE = Automatic;
				COMBINE_HIDPI_IMAGES = YES;
				DEVELOPMENT_ASSET_PATHS = "\"TestAppForMac/Preview Content\"";
				DEVELOPMENT_TEAM = UUD4WPFJTD;
				ENABLE_HARDENED_RUNTIME = YES;
				ENABLE_PREVIEWS = YES;
				INFOPLIST_FILE = TestAppForMac/Info.plist;
				LD_RUNPATH_SEARCH_PATHS = (
					"$(inherited)",
					"@executable_path/../Frameworks",
				);
				MACOSX_DEPLOYMENT_TARGET = 11.1;
				PRODUCT_BUNDLE_IDENTIFIER = jp.ema.TestAppForMac;
				PRODUCT_NAME = "$(TARGET_NAME)";
				SDKROOT = macosx;
				SWIFT_VERSION = 5.0;
			};
			name = Debug;
		};
		388F697525F205AD001532E9 /* Release */ = {
			isa = XCBuildConfiguration;
			buildSettings = {
				ASSETCATALOG_COMPILER_APPICON_NAME = AppIcon;
				ASSETCATALOG_COMPILER_GLOBAL_ACCENT_COLOR_NAME = AccentColor;
				CODE_SIGN_ENTITLEMENTS = TestAppForMac/TestAppForMac.entitlements;
				CODE_SIGN_STYLE = Automatic;
				COMBINE_HIDPI_IMAGES = YES;
				DEVELOPMENT_ASSET_PATHS = "\"TestAppForMac/Preview Content\"";
				DEVELOPMENT_TEAM = UUD4WPFJTD;
				ENABLE_HARDENED_RUNTIME = YES;
				ENABLE_PREVIEWS = YES;
				INFOPLIST_FILE = TestAppForMac/Info.plist;
				LD_RUNPATH_SEARCH_PATHS = (
					"$(inherited)",
					"@executable_path/../Frameworks",
				);
				MACOSX_DEPLOYMENT_TARGET = 11.1;
				PRODUCT_BUNDLE_IDENTIFIER = jp.ema.TestAppForMac;
				PRODUCT_NAME = "$(TARGET_NAME)";
				SDKROOT = macosx;
				SWIFT_VERSION = 5.0;
			};
			name = Release;
		};
		93A4102125DCE5A10020111C /* Debug */ = {
			isa = XCBuildConfiguration;
			buildSettings = {
				ALWAYS_SEARCH_USER_PATHS = NO;
				CLANG_ANALYZER_NONNULL = YES;
				CLANG_ANALYZER_NUMBER_OBJECT_CONVERSION = YES_AGGRESSIVE;
				CLANG_CXX_LANGUAGE_STANDARD = "gnu++14";
				CLANG_CXX_LIBRARY = "libc++";
				CLANG_ENABLE_MODULES = YES;
				CLANG_ENABLE_OBJC_ARC = YES;
				CLANG_ENABLE_OBJC_WEAK = YES;
				CLANG_WARN_BLOCK_CAPTURE_AUTORELEASING = YES;
				CLANG_WARN_BOOL_CONVERSION = YES;
				CLANG_WARN_COMMA = YES;
				CLANG_WARN_CONSTANT_CONVERSION = YES;
				CLANG_WARN_DEPRECATED_OBJC_IMPLEMENTATIONS = YES;
				CLANG_WARN_DIRECT_OBJC_ISA_USAGE = YES_ERROR;
				CLANG_WARN_DOCUMENTATION_COMMENTS = YES;
				CLANG_WARN_EMPTY_BODY = YES;
				CLANG_WARN_ENUM_CONVERSION = YES;
				CLANG_WARN_INFINITE_RECURSION = YES;
				CLANG_WARN_INT_CONVERSION = YES;
				CLANG_WARN_NON_LITERAL_NULL_CONVERSION = YES;
				CLANG_WARN_OBJC_IMPLICIT_RETAIN_SELF = YES;
				CLANG_WARN_OBJC_LITERAL_CONVERSION = YES;
				CLANG_WARN_OBJC_ROOT_CLASS = YES_ERROR;
				CLANG_WARN_QUOTED_INCLUDE_IN_FRAMEWORK_HEADER = YES;
				CLANG_WARN_RANGE_LOOP_ANALYSIS = YES;
				CLANG_WARN_STRICT_PROTOTYPES = YES;
				CLANG_WARN_SUSPICIOUS_MOVE = YES;
				CLANG_WARN_UNGUARDED_AVAILABILITY = YES_AGGRESSIVE;
				CLANG_WARN_UNREACHABLE_CODE = YES;
				CLANG_WARN__DUPLICATE_METHOD_MATCH = YES;
				COPY_PHASE_STRIP = NO;
				DEBUG_INFORMATION_FORMAT = dwarf;
				ENABLE_STRICT_OBJC_MSGSEND = YES;
				ENABLE_TESTABILITY = YES;
				GCC_C_LANGUAGE_STANDARD = gnu11;
				GCC_DYNAMIC_NO_PIC = NO;
				GCC_NO_COMMON_BLOCKS = YES;
				GCC_OPTIMIZATION_LEVEL = 0;
				GCC_PREPROCESSOR_DEFINITIONS = (
					"DEBUG=1",
					"$(inherited)",
				);
				GCC_WARN_64_TO_32_BIT_CONVERSION = YES;
				GCC_WARN_ABOUT_RETURN_TYPE = YES_ERROR;
				GCC_WARN_UNDECLARED_SELECTOR = YES;
				GCC_WARN_UNINITIALIZED_AUTOS = YES_AGGRESSIVE;
				GCC_WARN_UNUSED_FUNCTION = YES;
				GCC_WARN_UNUSED_VARIABLE = YES;
				IPHONEOS_DEPLOYMENT_TARGET = 14.4;
				MTL_ENABLE_DEBUG_INFO = INCLUDE_SOURCE;
				MTL_FAST_MATH = YES;
				ONLY_ACTIVE_ARCH = YES;
				SDKROOT = iphoneos;
				SWIFT_ACTIVE_COMPILATION_CONDITIONS = DEBUG;
				SWIFT_OPTIMIZATION_LEVEL = "-Onone";
			};
			name = Debug;
		};
		93A4102225DCE5A10020111C /* Release */ = {
			isa = XCBuildConfiguration;
			buildSettings = {
				ALWAYS_SEARCH_USER_PATHS = NO;
				CLANG_ANALYZER_NONNULL = YES;
				CLANG_ANALYZER_NUMBER_OBJECT_CONVERSION = YES_AGGRESSIVE;
				CLANG_CXX_LANGUAGE_STANDARD = "gnu++14";
				CLANG_CXX_LIBRARY = "libc++";
				CLANG_ENABLE_MODULES = YES;
				CLANG_ENABLE_OBJC_ARC = YES;
				CLANG_ENABLE_OBJC_WEAK = YES;
				CLANG_WARN_BLOCK_CAPTURE_AUTORELEASING = YES;
				CLANG_WARN_BOOL_CONVERSION = YES;
				CLANG_WARN_COMMA = YES;
				CLANG_WARN_CONSTANT_CONVERSION = YES;
				CLANG_WARN_DEPRECATED_OBJC_IMPLEMENTATIONS = YES;
				CLANG_WARN_DIRECT_OBJC_ISA_USAGE = YES_ERROR;
				CLANG_WARN_DOCUMENTATION_COMMENTS = YES;
				CLANG_WARN_EMPTY_BODY = YES;
				CLANG_WARN_ENUM_CONVERSION = YES;
				CLANG_WARN_INFINITE_RECURSION = YES;
				CLANG_WARN_INT_CONVERSION = YES;
				CLANG_WARN_NON_LITERAL_NULL_CONVERSION = YES;
				CLANG_WARN_OBJC_IMPLICIT_RETAIN_SELF = YES;
				CLANG_WARN_OBJC_LITERAL_CONVERSION = YES;
				CLANG_WARN_OBJC_ROOT_CLASS = YES_ERROR;
				CLANG_WARN_QUOTED_INCLUDE_IN_FRAMEWORK_HEADER = YES;
				CLANG_WARN_RANGE_LOOP_ANALYSIS = YES;
				CLANG_WARN_STRICT_PROTOTYPES = YES;
				CLANG_WARN_SUSPICIOUS_MOVE = YES;
				CLANG_WARN_UNGUARDED_AVAILABILITY = YES_AGGRESSIVE;
				CLANG_WARN_UNREACHABLE_CODE = YES;
				CLANG_WARN__DUPLICATE_METHOD_MATCH = YES;
				COPY_PHASE_STRIP = NO;
				DEBUG_INFORMATION_FORMAT = "dwarf-with-dsym";
				ENABLE_NS_ASSERTIONS = NO;
				ENABLE_STRICT_OBJC_MSGSEND = YES;
				GCC_C_LANGUAGE_STANDARD = gnu11;
				GCC_NO_COMMON_BLOCKS = YES;
				GCC_WARN_64_TO_32_BIT_CONVERSION = YES;
				GCC_WARN_ABOUT_RETURN_TYPE = YES_ERROR;
				GCC_WARN_UNDECLARED_SELECTOR = YES;
				GCC_WARN_UNINITIALIZED_AUTOS = YES_AGGRESSIVE;
				GCC_WARN_UNUSED_FUNCTION = YES;
				GCC_WARN_UNUSED_VARIABLE = YES;
				IPHONEOS_DEPLOYMENT_TARGET = 14.4;
				MTL_ENABLE_DEBUG_INFO = NO;
				MTL_FAST_MATH = YES;
				SDKROOT = iphoneos;
				SWIFT_COMPILATION_MODE = wholemodule;
				SWIFT_OPTIMIZATION_LEVEL = "-O";
				VALIDATE_PRODUCT = YES;
			};
			name = Release;
		};
		93A4102425DCE5A10020111C /* Debug */ = {
			isa = XCBuildConfiguration;
			buildSettings = {
				ASSETCATALOG_COMPILER_APPICON_NAME = AppIcon;
				ASSETCATALOG_COMPILER_GLOBAL_ACCENT_COLOR_NAME = AccentColor;
				CODE_SIGN_STYLE = Automatic;
				DEVELOPMENT_ASSET_PATHS = "\"TestApp/Preview Content\"";
				DEVELOPMENT_TEAM = KM9RBNDT3T;
				ENABLE_PREVIEWS = YES;
				INFOPLIST_FILE = TestApp/Info.plist;
				IPHONEOS_DEPLOYMENT_TARGET = 14.0;
				LD_RUNPATH_SEARCH_PATHS = (
					"$(inherited)",
					"@executable_path/Frameworks",
				);
				PRODUCT_BUNDLE_IDENTIFIER = com.ema.TestApp;
				PRODUCT_NAME = "$(TARGET_NAME)";
				SWIFT_VERSION = 5.0;
				TARGETED_DEVICE_FAMILY = "1,2";
			};
			name = Debug;
		};
		93A4102525DCE5A10020111C /* Release */ = {
			isa = XCBuildConfiguration;
			buildSettings = {
				ASSETCATALOG_COMPILER_APPICON_NAME = AppIcon;
				ASSETCATALOG_COMPILER_GLOBAL_ACCENT_COLOR_NAME = AccentColor;
				CODE_SIGN_STYLE = Automatic;
				DEVELOPMENT_ASSET_PATHS = "\"TestApp/Preview Content\"";
				DEVELOPMENT_TEAM = KM9RBNDT3T;
				ENABLE_PREVIEWS = YES;
				INFOPLIST_FILE = TestApp/Info.plist;
				IPHONEOS_DEPLOYMENT_TARGET = 14.0;
				LD_RUNPATH_SEARCH_PATHS = (
					"$(inherited)",
					"@executable_path/Frameworks",
				);
				PRODUCT_BUNDLE_IDENTIFIER = com.ema.TestApp;
				PRODUCT_NAME = "$(TARGET_NAME)";
				SWIFT_VERSION = 5.0;
				TARGETED_DEVICE_FAMILY = "1,2";
			};
			name = Release;
		};
/* End XCBuildConfiguration section */

/* Begin XCConfigurationList section */
		388F692E25F186DB001532E9 /* Build configuration list for PBXNativeTarget "TestAppForWatch Extension" */ = {
			isa = XCConfigurationList;
			buildConfigurations = (
				388F692F25F186DB001532E9 /* Debug */,
				388F693025F186DB001532E9 /* Release */,
			);
			defaultConfigurationIsVisible = 0;
			defaultConfigurationName = Release;
		};
		388F693225F186DB001532E9 /* Build configuration list for PBXNativeTarget "TestAppForWatch" */ = {
			isa = XCConfigurationList;
			buildConfigurations = (
				388F693325F186DB001532E9 /* Debug */,
				388F693425F186DB001532E9 /* Release */,
			);
			defaultConfigurationIsVisible = 0;
			defaultConfigurationName = Release;
		};
		388F697325F205AD001532E9 /* Build configuration list for PBXNativeTarget "TestAppForMac" */ = {
			isa = XCConfigurationList;
			buildConfigurations = (
				388F697425F205AD001532E9 /* Debug */,
				388F697525F205AD001532E9 /* Release */,
			);
			defaultConfigurationIsVisible = 0;
			defaultConfigurationName = Release;
		};
		93A4100F25DCE59F0020111C /* Build configuration list for PBXProject "TestApp" */ = {
			isa = XCConfigurationList;
			buildConfigurations = (
				93A4102125DCE5A10020111C /* Debug */,
				93A4102225DCE5A10020111C /* Release */,
			);
			defaultConfigurationIsVisible = 0;
			defaultConfigurationName = Release;
		};
		93A4102325DCE5A10020111C /* Build configuration list for PBXNativeTarget "TestApp" */ = {
			isa = XCConfigurationList;
			buildConfigurations = (
				93A4102425DCE5A10020111C /* Debug */,
				93A4102525DCE5A10020111C /* Release */,
			);
			defaultConfigurationIsVisible = 0;
			defaultConfigurationName = Release;
		};
/* End XCConfigurationList section */
	};
	rootObject = 93A4100C25DCE59F0020111C /* Project object */;
}
