// !$*UTF8*$!
{
	archiveVersion = 1;
	classes = {
	};
	objectVersion = 50;
	objects = {

/* Begin PBXBuildFile section */
		385B9F6A25DF7F210034EA06 /* FavoriteButton.swift in Sources */ = {isa = PBXBuildFile; fileRef = 385B9F6925DF7F210034EA06 /* FavoriteButton.swift */; };
		385B9F7225E0620A0034EA06 /* HexagonParameters.swift in Sources */ = {isa = PBXBuildFile; fileRef = 385B9F7125E0620A0034EA06 /* HexagonParameters.swift */; };
		385B9F7925E59D890034EA06 /* BadgeBackground.swift in Sources */ = {isa = PBXBuildFile; fileRef = 385B9F7825E59D880034EA06 /* BadgeBackground.swift */; };
		385B9F7C25E5A39A0034EA06 /* BadgeSymbol.swift in Sources */ = {isa = PBXBuildFile; fileRef = 385B9F7B25E5A39A0034EA06 /* BadgeSymbol.swift */; };
		385B9F7F25E5A4740034EA06 /* RotatedBadgeSymbol.swift in Sources */ = {isa = PBXBuildFile; fileRef = 385B9F7E25E5A4740034EA06 /* RotatedBadgeSymbol.swift */; };
		385B9F8225E5A4BE0034EA06 /* Badge.swift in Sources */ = {isa = PBXBuildFile; fileRef = 385B9F8125E5A4BE0034EA06 /* Badge.swift */; };
		385B9F8625E5A7380034EA06 /* hikeData.json in Resources */ = {isa = PBXBuildFile; fileRef = 385B9F8525E5A7380034EA06 /* hikeData.json */; };
		385B9F8925E5A79C0034EA06 /* Hike.swift in Sources */ = {isa = PBXBuildFile; fileRef = 385B9F8825E5A79C0034EA06 /* Hike.swift */; };
		385B9F9025E5A8540034EA06 /* GraphCapsule.swift in Sources */ = {isa = PBXBuildFile; fileRef = 385B9F8C25E5A8540034EA06 /* GraphCapsule.swift */; };
		385B9F9125E5A8540034EA06 /* HikeGraph.swift in Sources */ = {isa = PBXBuildFile; fileRef = 385B9F8D25E5A8540034EA06 /* HikeGraph.swift */; };
		385B9F9225E5A8540034EA06 /* HikeDetail.swift in Sources */ = {isa = PBXBuildFile; fileRef = 385B9F8E25E5A8540034EA06 /* HikeDetail.swift */; };
		385B9F9325E5A8540034EA06 /* HikeView.swift in Sources */ = {isa = PBXBuildFile; fileRef = 385B9F8F25E5A8540034EA06 /* HikeView.swift */; };
		385B9F9625E5B29A0034EA06 /* CategoryHome.swift in Sources */ = {isa = PBXBuildFile; fileRef = 385B9F9525E5B29A0034EA06 /* CategoryHome.swift */; };
		385B9F9925E5B4CF0034EA06 /* CategoryRow.swift in Sources */ = {isa = PBXBuildFile; fileRef = 385B9F9825E5B4CF0034EA06 /* CategoryRow.swift */; };
		385B9F9C25E5B60F0034EA06 /* CategoryItem.swift in Sources */ = {isa = PBXBuildFile; fileRef = 385B9F9B25E5B60F0034EA06 /* CategoryItem.swift */; };
		385B9FAD25EC38240034EA06 /* Profile.swift in Sources */ = {isa = PBXBuildFile; fileRef = 385B9FAC25EC38240034EA06 /* Profile.swift */; };
		385B9FB125EC38BB0034EA06 /* ProfileHost.swift in Sources */ = {isa = PBXBuildFile; fileRef = 385B9FB025EC38BB0034EA06 /* ProfileHost.swift */; };
		385B9FB525EC38F30034EA06 /* ProfileSummary.swift in Sources */ = {isa = PBXBuildFile; fileRef = 385B9FB425EC38F30034EA06 /* ProfileSummary.swift */; };
		385B9FB825EC39950034EA06 /* HikeBadge.swift in Sources */ = {isa = PBXBuildFile; fileRef = 385B9FB725EC39950034EA06 /* HikeBadge.swift */; };
		385B9FBB25EE05400034EA06 /* ProfileEditor.swift in Sources */ = {isa = PBXBuildFile; fileRef = 385B9FBA25EE05400034EA06 /* ProfileEditor.swift */; };
		38648BBE25DDB27300896DEA /* TextAreaView.swift in Sources */ = {isa = PBXBuildFile; fileRef = 38648BBD25DDB27300896DEA /* TextAreaView.swift */; };
		38648BC125DDB94200896DEA /* landmarkData.json in Resources */ = {isa = PBXBuildFile; fileRef = 38648BC025DDB94100896DEA /* landmarkData.json */; };
		38648BC425DDB95C00896DEA /* Landmark.swift in Sources */ = {isa = PBXBuildFile; fileRef = 38648BC325DDB95C00896DEA /* Landmark.swift */; };
		38648BC725DDBA8E00896DEA /* ModelData.swift in Sources */ = {isa = PBXBuildFile; fileRef = 38648BC625DDBA8E00896DEA /* ModelData.swift */; };
		38648BCF25DDBBBB00896DEA /* LandmarkRow.swift in Sources */ = {isa = PBXBuildFile; fileRef = 38648BCE25DDBBBB00896DEA /* LandmarkRow.swift */; };
		38648BD225DDBDA400896DEA /* LandmarkList.swift in Sources */ = {isa = PBXBuildFile; fileRef = 38648BD125DDBDA400896DEA /* LandmarkList.swift */; };
		38648BD525DDBEF100896DEA /* LandmarkDetail.swift in Sources */ = {isa = PBXBuildFile; fileRef = 38648BD425DDBEF100896DEA /* LandmarkDetail.swift */; };
		93A4101825DCE59F0020111C /* TestAppApp.swift in Sources */ = {isa = PBXBuildFile; fileRef = 93A4101725DCE59F0020111C /* TestAppApp.swift */; };
		93A4101A25DCE59F0020111C /* ContentView.swift in Sources */ = {isa = PBXBuildFile; fileRef = 93A4101925DCE59F0020111C /* ContentView.swift */; };
		93A4101C25DCE5A10020111C /* Assets.xcassets in Resources */ = {isa = PBXBuildFile; fileRef = 93A4101B25DCE5A10020111C /* Assets.xcassets */; };
		93A4101F25DCE5A10020111C /* Preview Assets.xcassets in Resources */ = {isa = PBXBuildFile; fileRef = 93A4101E25DCE5A10020111C /* Preview Assets.xcassets */; };
		93A4102825DCE9900020111C /* ImageView.swift in Sources */ = {isa = PBXBuildFile; fileRef = 93A4102725DCE9900020111C /* ImageView.swift */; };
		93A4102B25DCEB400020111C /* MapView.swift in Sources */ = {isa = PBXBuildFile; fileRef = 93A4102A25DCEB400020111C /* MapView.swift */; };
/* End PBXBuildFile section */

/* Begin PBXFileReference section */
		385B9F6925DF7F210034EA06 /* FavoriteButton.swift */ = {isa = PBXFileReference; lastKnownFileType = sourcecode.swift; path = FavoriteButton.swift; sourceTree = "<group>"; };
		385B9F7125E0620A0034EA06 /* HexagonParameters.swift */ = {isa = PBXFileReference; lastKnownFileType = sourcecode.swift; path = HexagonParameters.swift; sourceTree = "<group>"; };
		385B9F7825E59D880034EA06 /* BadgeBackground.swift */ = {isa = PBXFileReference; lastKnownFileType = sourcecode.swift; path = BadgeBackground.swift; sourceTree = "<group>"; };
		385B9F7B25E5A39A0034EA06 /* BadgeSymbol.swift */ = {isa = PBXFileReference; lastKnownFileType = sourcecode.swift; path = BadgeSymbol.swift; sourceTree = "<group>"; };
		385B9F7E25E5A4740034EA06 /* RotatedBadgeSymbol.swift */ = {isa = PBXFileReference; lastKnownFileType = sourcecode.swift; path = RotatedBadgeSymbol.swift; sourceTree = "<group>"; };
		385B9F8125E5A4BE0034EA06 /* Badge.swift */ = {isa = PBXFileReference; lastKnownFileType = sourcecode.swift; path = Badge.swift; sourceTree = "<group>"; };
		385B9F8525E5A7380034EA06 /* hikeData.json */ = {isa = PBXFileReference; fileEncoding = 4; lastKnownFileType = text.json; path = hikeData.json; sourceTree = "<group>"; };
		385B9F8825E5A79C0034EA06 /* Hike.swift */ = {isa = PBXFileReference; lastKnownFileType = sourcecode.swift; path = Hike.swift; sourceTree = "<group>"; };
		385B9F8C25E5A8540034EA06 /* GraphCapsule.swift */ = {isa = PBXFileReference; fileEncoding = 4; lastKnownFileType = sourcecode.swift; path = GraphCapsule.swift; sourceTree = "<group>"; };
		385B9F8D25E5A8540034EA06 /* HikeGraph.swift */ = {isa = PBXFileReference; fileEncoding = 4; lastKnownFileType = sourcecode.swift; path = HikeGraph.swift; sourceTree = "<group>"; };
		385B9F8E25E5A8540034EA06 /* HikeDetail.swift */ = {isa = PBXFileReference; fileEncoding = 4; lastKnownFileType = sourcecode.swift; path = HikeDetail.swift; sourceTree = "<group>"; };
		385B9F8F25E5A8540034EA06 /* HikeView.swift */ = {isa = PBXFileReference; fileEncoding = 4; lastKnownFileType = sourcecode.swift; path = HikeView.swift; sourceTree = "<group>"; };
		385B9F9525E5B29A0034EA06 /* CategoryHome.swift */ = {isa = PBXFileReference; lastKnownFileType = sourcecode.swift; path = CategoryHome.swift; sourceTree = "<group>"; };
		385B9F9825E5B4CF0034EA06 /* CategoryRow.swift */ = {isa = PBXFileReference; lastKnownFileType = sourcecode.swift; path = CategoryRow.swift; sourceTree = "<group>"; };
		385B9F9B25E5B60F0034EA06 /* CategoryItem.swift */ = {isa = PBXFileReference; lastKnownFileType = sourcecode.swift; path = CategoryItem.swift; sourceTree = "<group>"; };
		385B9FAC25EC38240034EA06 /* Profile.swift */ = {isa = PBXFileReference; lastKnownFileType = sourcecode.swift; path = Profile.swift; sourceTree = "<group>"; };
		385B9FB025EC38BB0034EA06 /* ProfileHost.swift */ = {isa = PBXFileReference; lastKnownFileType = sourcecode.swift; path = ProfileHost.swift; sourceTree = "<group>"; };
		385B9FB425EC38F30034EA06 /* ProfileSummary.swift */ = {isa = PBXFileReference; lastKnownFileType = sourcecode.swift; path = ProfileSummary.swift; sourceTree = "<group>"; };
		385B9FB725EC39950034EA06 /* HikeBadge.swift */ = {isa = PBXFileReference; lastKnownFileType = sourcecode.swift; path = HikeBadge.swift; sourceTree = "<group>"; };
		385B9FBA25EE05400034EA06 /* ProfileEditor.swift */ = {isa = PBXFileReference; lastKnownFileType = sourcecode.swift; path = ProfileEditor.swift; sourceTree = "<group>"; };
		38648BBD25DDB27300896DEA /* TextAreaView.swift */ = {isa = PBXFileReference; lastKnownFileType = sourcecode.swift; path = TextAreaView.swift; sourceTree = "<group>"; };
		38648BC025DDB94100896DEA /* landmarkData.json */ = {isa = PBXFileReference; fileEncoding = 4; lastKnownFileType = text.json; path = landmarkData.json; sourceTree = "<group>"; };
		38648BC325DDB95C00896DEA /* Landmark.swift */ = {isa = PBXFileReference; lastKnownFileType = sourcecode.swift; path = Landmark.swift; sourceTree = "<group>"; };
		38648BC625DDBA8E00896DEA /* ModelData.swift */ = {isa = PBXFileReference; lastKnownFileType = sourcecode.swift; path = ModelData.swift; sourceTree = "<group>"; };
		38648BCE25DDBBBB00896DEA /* LandmarkRow.swift */ = {isa = PBXFileReference; lastKnownFileType = sourcecode.swift; path = LandmarkRow.swift; sourceTree = "<group>"; };
		38648BD125DDBDA400896DEA /* LandmarkList.swift */ = {isa = PBXFileReference; lastKnownFileType = sourcecode.swift; path = LandmarkList.swift; sourceTree = "<group>"; };
		38648BD425DDBEF100896DEA /* LandmarkDetail.swift */ = {isa = PBXFileReference; lastKnownFileType = sourcecode.swift; path = LandmarkDetail.swift; sourceTree = "<group>"; };
		93A4101425DCE59F0020111C /* TestApp.app */ = {isa = PBXFileReference; explicitFileType = wrapper.application; includeInIndex = 0; path = TestApp.app; sourceTree = BUILT_PRODUCTS_DIR; };
		93A4101725DCE59F0020111C /* TestAppApp.swift */ = {isa = PBXFileReference; lastKnownFileType = sourcecode.swift; path = TestAppApp.swift; sourceTree = "<group>"; };
		93A4101925DCE59F0020111C /* ContentView.swift */ = {isa = PBXFileReference; lastKnownFileType = sourcecode.swift; path = ContentView.swift; sourceTree = "<group>"; };
		93A4101B25DCE5A10020111C /* Assets.xcassets */ = {isa = PBXFileReference; lastKnownFileType = folder.assetcatalog; path = Assets.xcassets; sourceTree = "<group>"; };
		93A4101E25DCE5A10020111C /* Preview Assets.xcassets */ = {isa = PBXFileReference; lastKnownFileType = folder.assetcatalog; path = "Preview Assets.xcassets"; sourceTree = "<group>"; };
		93A4102025DCE5A10020111C /* Info.plist */ = {isa = PBXFileReference; lastKnownFileType = text.plist.xml; path = Info.plist; sourceTree = "<group>"; };
		93A4102725DCE9900020111C /* ImageView.swift */ = {isa = PBXFileReference; lastKnownFileType = sourcecode.swift; path = ImageView.swift; sourceTree = "<group>"; };
		93A4102A25DCEB400020111C /* MapView.swift */ = {isa = PBXFileReference; lastKnownFileType = sourcecode.swift; path = MapView.swift; sourceTree = "<group>"; };
/* End PBXFileReference section */

/* Begin PBXFrameworksBuildPhase section */
		93A4101125DCE59F0020111C /* Frameworks */ = {
			isa = PBXFrameworksBuildPhase;
			buildActionMask = 2147483647;
			files = (
			);
			runOnlyForDeploymentPostprocessing = 0;
		};
/* End PBXFrameworksBuildPhase section */

/* Begin PBXGroup section */
		385B9F6C25DF7FBB0034EA06 /* Landmarks */ = {
			isa = PBXGroup;
			children = (
				38648BCE25DDBBBB00896DEA /* LandmarkRow.swift */,
				38648BD125DDBDA400896DEA /* LandmarkList.swift */,
				38648BD425DDBEF100896DEA /* LandmarkDetail.swift */,
			);
			path = Landmarks;
			sourceTree = "<group>";
		};
		385B9F6E25DF7FD70034EA06 /* Helpers */ = {
			isa = PBXGroup;
			children = (
				93A4102725DCE9900020111C /* ImageView.swift */,
				38648BBD25DDB27300896DEA /* TextAreaView.swift */,
				93A4102A25DCEB400020111C /* MapView.swift */,
				385B9F6925DF7F210034EA06 /* FavoriteButton.swift */,
			);
			path = Helpers;
			sourceTree = "<group>";
		};
		385B9F8425E5A5BF0034EA06 /* Badges */ = {
			isa = PBXGroup;
			children = (
				385B9F7125E0620A0034EA06 /* HexagonParameters.swift */,
				385B9F7825E59D880034EA06 /* BadgeBackground.swift */,
				385B9F7B25E5A39A0034EA06 /* BadgeSymbol.swift */,
				385B9F7E25E5A4740034EA06 /* RotatedBadgeSymbol.swift */,
				385B9F8125E5A4BE0034EA06 /* Badge.swift */,
			);
			path = Badges;
			sourceTree = "<group>";
		};
		385B9F8B25E5A8540034EA06 /* Hikes */ = {
			isa = PBXGroup;
			children = (
				385B9F8C25E5A8540034EA06 /* GraphCapsule.swift */,
				385B9F8D25E5A8540034EA06 /* HikeGraph.swift */,
				385B9F8E25E5A8540034EA06 /* HikeDetail.swift */,
				385B9F8F25E5A8540034EA06 /* HikeView.swift */,
				385B9FB725EC39950034EA06 /* HikeBadge.swift */,
			);
			path = Hikes;
			sourceTree = "<group>";
		};
		385B9FAF25EC38A70034EA06 /* Profiles */ = {
			isa = PBXGroup;
			children = (
				385B9FB025EC38BB0034EA06 /* ProfileHost.swift */,
				385B9FB425EC38F30034EA06 /* ProfileSummary.swift */,
				385B9FBA25EE05400034EA06 /* ProfileEditor.swift */,
			);
			path = Profiles;
			sourceTree = "<group>";
		};
		38648BC925DDBB5000896DEA /* Views */ = {
			isa = PBXGroup;
			children = (
				385B9FAF25EC38A70034EA06 /* Profiles */,
				385B9F8B25E5A8540034EA06 /* Hikes */,
				385B9F8425E5A5BF0034EA06 /* Badges */,
				385B9F6E25DF7FD70034EA06 /* Helpers */,
				385B9F6C25DF7FBB0034EA06 /* Landmarks */,
				93A4101925DCE59F0020111C /* ContentView.swift */,
				385B9F9525E5B29A0034EA06 /* CategoryHome.swift */,
				385B9F9825E5B4CF0034EA06 /* CategoryRow.swift */,
				385B9F9B25E5B60F0034EA06 /* CategoryItem.swift */,
			);
			path = Views;
			sourceTree = "<group>";
		};
		38648BCA25DDBB7400896DEA /* Models */ = {
			isa = PBXGroup;
			children = (
				38648BC325DDB95C00896DEA /* Landmark.swift */,
				38648BC625DDBA8E00896DEA /* ModelData.swift */,
				385B9F8825E5A79C0034EA06 /* Hike.swift */,
				385B9FAC25EC38240034EA06 /* Profile.swift */,
			);
			path = Models;
			sourceTree = "<group>";
		};
		38648BCD25DDBB8F00896DEA /* Resources */ = {
			isa = PBXGroup;
			children = (
				385B9F8525E5A7380034EA06 /* hikeData.json */,
				38648BC025DDB94100896DEA /* landmarkData.json */,
			);
			path = Resources;
			sourceTree = "<group>";
		};
		93A4100B25DCE59F0020111C = {
			isa = PBXGroup;
			children = (
				93A4101625DCE59F0020111C /* TestApp */,
				93A4101525DCE59F0020111C /* Products */,
			);
			sourceTree = "<group>";
		};
		93A4101525DCE59F0020111C /* Products */ = {
			isa = PBXGroup;
			children = (
				93A4101425DCE59F0020111C /* TestApp.app */,
			);
			name = Products;
			sourceTree = "<group>";
		};
		93A4101625DCE59F0020111C /* TestApp */ = {
			isa = PBXGroup;
			children = (
				38648BCD25DDBB8F00896DEA /* Resources */,
				38648BCA25DDBB7400896DEA /* Models */,
				38648BC925DDBB5000896DEA /* Views */,
				93A4101725DCE59F0020111C /* TestAppApp.swift */,
				93A4101B25DCE5A10020111C /* Assets.xcassets */,
				93A4102025DCE5A10020111C /* Info.plist */,
				93A4101D25DCE5A10020111C /* Preview Content */,
			);
			path = TestApp;
			sourceTree = "<group>";
		};
		93A4101D25DCE5A10020111C /* Preview Content */ = {
			isa = PBXGroup;
			children = (
				93A4101E25DCE5A10020111C /* Preview Assets.xcassets */,
			);
			path = "Preview Content";
			sourceTree = "<group>";
		};
/* End PBXGroup section */

/* Begin PBXNativeTarget section */
		93A4101325DCE59F0020111C /* TestApp */ = {
			isa = PBXNativeTarget;
			buildConfigurationList = 93A4102325DCE5A10020111C /* Build configuration list for PBXNativeTarget "TestApp" */;
			buildPhases = (
				93A4101025DCE59F0020111C /* Sources */,
				93A4101125DCE59F0020111C /* Frameworks */,
				93A4101225DCE59F0020111C /* Resources */,
			);
			buildRules = (
			);
			dependencies = (
			);
			name = TestApp;
			productName = TestApp;
			productReference = 93A4101425DCE59F0020111C /* TestApp.app */;
			productType = "com.apple.product-type.application";
		};
/* End PBXNativeTarget section */

/* Begin PBXProject section */
		93A4100C25DCE59F0020111C /* Project object */ = {
			isa = PBXProject;
			attributes = {
				LastSwiftUpdateCheck = 1240;
				LastUpgradeCheck = 1240;
				TargetAttributes = {
					93A4101325DCE59F0020111C = {
						CreatedOnToolsVersion = 12.4;
					};
				};
			};
			buildConfigurationList = 93A4100F25DCE59F0020111C /* Build configuration list for PBXProject "TestApp" */;
			compatibilityVersion = "Xcode 9.3";
			developmentRegion = en;
			hasScannedForEncodings = 0;
			knownRegions = (
				en,
				Base,
			);
			mainGroup = 93A4100B25DCE59F0020111C;
			productRefGroup = 93A4101525DCE59F0020111C /* Products */;
			projectDirPath = "";
			projectRoot = "";
			targets = (
				93A4101325DCE59F0020111C /* TestApp */,
			);
		};
/* End PBXProject section */

/* Begin PBXResourcesBuildPhase section */
		93A4101225DCE59F0020111C /* Resources */ = {
			isa = PBXResourcesBuildPhase;
			buildActionMask = 2147483647;
			files = (
				385B9F8625E5A7380034EA06 /* hikeData.json in Resources */,
				93A4101F25DCE5A10020111C /* Preview Assets.xcassets in Resources */,
				93A4101C25DCE5A10020111C /* Assets.xcassets in Resources */,
				38648BC125DDB94200896DEA /* landmarkData.json in Resources */,
			);
			runOnlyForDeploymentPostprocessing = 0;
		};
/* End PBXResourcesBuildPhase section */

/* Begin PBXSourcesBuildPhase section */
		93A4101025DCE59F0020111C /* Sources */ = {
			isa = PBXSourcesBuildPhase;
			buildActionMask = 2147483647;
			files = (
				385B9F8925E5A79C0034EA06 /* Hike.swift in Sources */,
				385B9F7225E0620A0034EA06 /* HexagonParameters.swift in Sources */,
				93A4102825DCE9900020111C /* ImageView.swift in Sources */,
				93A4102B25DCEB400020111C /* MapView.swift in Sources */,
				385B9F9625E5B29A0034EA06 /* CategoryHome.swift in Sources */,
				385B9FB125EC38BB0034EA06 /* ProfileHost.swift in Sources */,
				385B9FB825EC39950034EA06 /* HikeBadge.swift in Sources */,
				385B9F9125E5A8540034EA06 /* HikeGraph.swift in Sources */,
				385B9F9925E5B4CF0034EA06 /* CategoryRow.swift in Sources */,
				93A4101A25DCE59F0020111C /* ContentView.swift in Sources */,
				93A4101825DCE59F0020111C /* TestAppApp.swift in Sources */,
				38648BD225DDBDA400896DEA /* LandmarkList.swift in Sources */,
				385B9FB525EC38F30034EA06 /* ProfileSummary.swift in Sources */,
				385B9FBB25EE05400034EA06 /* ProfileEditor.swift in Sources */,
				385B9F9C25E5B60F0034EA06 /* CategoryItem.swift in Sources */,
				38648BBE25DDB27300896DEA /* TextAreaView.swift in Sources */,
				385B9F7C25E5A39A0034EA06 /* BadgeSymbol.swift in Sources */,
				385B9F7F25E5A4740034EA06 /* RotatedBadgeSymbol.swift in Sources */,
				385B9F8225E5A4BE0034EA06 /* Badge.swift in Sources */,
				38648BC425DDB95C00896DEA /* Landmark.swift in Sources */,
				385B9FAD25EC38240034EA06 /* Profile.swift in Sources */,
				385B9F7925E59D890034EA06 /* BadgeBackground.swift in Sources */,
				38648BCF25DDBBBB00896DEA /* LandmarkRow.swift in Sources */,
				385B9F9025E5A8540034EA06 /* GraphCapsule.swift in Sources */,
				385B9F9325E5A8540034EA06 /* HikeView.swift in Sources */,
				38648BD525DDBEF100896DEA /* LandmarkDetail.swift in Sources */,
				385B9F6A25DF7F210034EA06 /* FavoriteButton.swift in Sources */,
				38648BC725DDBA8E00896DEA /* ModelData.swift in Sources */,
				385B9F9225E5A8540034EA06 /* HikeDetail.swift in Sources */,
			);
			runOnlyForDeploymentPostprocessing = 0;
		};
/* End PBXSourcesBuildPhase section */

/* Begin XCBuildConfiguration section */
		93A4102125DCE5A10020111C /* Debug */ = {
			isa = XCBuildConfiguration;
			buildSettings = {
				ALWAYS_SEARCH_USER_PATHS = NO;
				CLANG_ANALYZER_NONNULL = YES;
				CLANG_ANALYZER_NUMBER_OBJECT_CONVERSION = YES_AGGRESSIVE;
				CLANG_CXX_LANGUAGE_STANDARD = "gnu++14";
				CLANG_CXX_LIBRARY = "libc++";
				CLANG_ENABLE_MODULES = YES;
				CLANG_ENABLE_OBJC_ARC = YES;
				CLANG_ENABLE_OBJC_WEAK = YES;
				CLANG_WARN_BLOCK_CAPTURE_AUTORELEASING = YES;
				CLANG_WARN_BOOL_CONVERSION = YES;
				CLANG_WARN_COMMA = YES;
				CLANG_WARN_CONSTANT_CONVERSION = YES;
				CLANG_WARN_DEPRECATED_OBJC_IMPLEMENTATIONS = YES;
				CLANG_WARN_DIRECT_OBJC_ISA_USAGE = YES_ERROR;
				CLANG_WARN_DOCUMENTATION_COMMENTS = YES;
				CLANG_WARN_EMPTY_BODY = YES;
				CLANG_WARN_ENUM_CONVERSION = YES;
				CLANG_WARN_INFINITE_RECURSION = YES;
				CLANG_WARN_INT_CONVERSION = YES;
				CLANG_WARN_NON_LITERAL_NULL_CONVERSION = YES;
				CLANG_WARN_OBJC_IMPLICIT_RETAIN_SELF = YES;
				CLANG_WARN_OBJC_LITERAL_CONVERSION = YES;
				CLANG_WARN_OBJC_ROOT_CLASS = YES_ERROR;
				CLANG_WARN_QUOTED_INCLUDE_IN_FRAMEWORK_HEADER = YES;
				CLANG_WARN_RANGE_LOOP_ANALYSIS = YES;
				CLANG_WARN_STRICT_PROTOTYPES = YES;
				CLANG_WARN_SUSPICIOUS_MOVE = YES;
				CLANG_WARN_UNGUARDED_AVAILABILITY = YES_AGGRESSIVE;
				CLANG_WARN_UNREACHABLE_CODE = YES;
				CLANG_WARN__DUPLICATE_METHOD_MATCH = YES;
				COPY_PHASE_STRIP = NO;
				DEBUG_INFORMATION_FORMAT = dwarf;
				ENABLE_STRICT_OBJC_MSGSEND = YES;
				ENABLE_TESTABILITY = YES;
				GCC_C_LANGUAGE_STANDARD = gnu11;
				GCC_DYNAMIC_NO_PIC = NO;
				GCC_NO_COMMON_BLOCKS = YES;
				GCC_OPTIMIZATION_LEVEL = 0;
				GCC_PREPROCESSOR_DEFINITIONS = (
					"DEBUG=1",
					"$(inherited)",
				);
				GCC_WARN_64_TO_32_BIT_CONVERSION = YES;
				GCC_WARN_ABOUT_RETURN_TYPE = YES_ERROR;
				GCC_WARN_UNDECLARED_SELECTOR = YES;
				GCC_WARN_UNINITIALIZED_AUTOS = YES_AGGRESSIVE;
				GCC_WARN_UNUSED_FUNCTION = YES;
				GCC_WARN_UNUSED_VARIABLE = YES;
				IPHONEOS_DEPLOYMENT_TARGET = 14.4;
				MTL_ENABLE_DEBUG_INFO = INCLUDE_SOURCE;
				MTL_FAST_MATH = YES;
				ONLY_ACTIVE_ARCH = YES;
				SDKROOT = iphoneos;
				SWIFT_ACTIVE_COMPILATION_CONDITIONS = DEBUG;
				SWIFT_OPTIMIZATION_LEVEL = "-Onone";
			};
			name = Debug;
		};
		93A4102225DCE5A10020111C /* Release */ = {
			isa = XCBuildConfiguration;
			buildSettings = {
				ALWAYS_SEARCH_USER_PATHS = NO;
				CLANG_ANALYZER_NONNULL = YES;
				CLANG_ANALYZER_NUMBER_OBJECT_CONVERSION = YES_AGGRESSIVE;
				CLANG_CXX_LANGUAGE_STANDARD = "gnu++14";
				CLANG_CXX_LIBRARY = "libc++";
				CLANG_ENABLE_MODULES = YES;
				CLANG_ENABLE_OBJC_ARC = YES;
				CLANG_ENABLE_OBJC_WEAK = YES;
				CLANG_WARN_BLOCK_CAPTURE_AUTORELEASING = YES;
				CLANG_WARN_BOOL_CONVERSION = YES;
				CLANG_WARN_COMMA = YES;
				CLANG_WARN_CONSTANT_CONVERSION = YES;
				CLANG_WARN_DEPRECATED_OBJC_IMPLEMENTATIONS = YES;
				CLANG_WARN_DIRECT_OBJC_ISA_USAGE = YES_ERROR;
				CLANG_WARN_DOCUMENTATION_COMMENTS = YES;
				CLANG_WARN_EMPTY_BODY = YES;
				CLANG_WARN_ENUM_CONVERSION = YES;
				CLANG_WARN_INFINITE_RECURSION = YES;
				CLANG_WARN_INT_CONVERSION = YES;
				CLANG_WARN_NON_LITERAL_NULL_CONVERSION = YES;
				CLANG_WARN_OBJC_IMPLICIT_RETAIN_SELF = YES;
				CLANG_WARN_OBJC_LITERAL_CONVERSION = YES;
				CLANG_WARN_OBJC_ROOT_CLASS = YES_ERROR;
				CLANG_WARN_QUOTED_INCLUDE_IN_FRAMEWORK_HEADER = YES;
				CLANG_WARN_RANGE_LOOP_ANALYSIS = YES;
				CLANG_WARN_STRICT_PROTOTYPES = YES;
				CLANG_WARN_SUSPICIOUS_MOVE = YES;
				CLANG_WARN_UNGUARDED_AVAILABILITY = YES_AGGRESSIVE;
				CLANG_WARN_UNREACHABLE_CODE = YES;
				CLANG_WARN__DUPLICATE_METHOD_MATCH = YES;
				COPY_PHASE_STRIP = NO;
				DEBUG_INFORMATION_FORMAT = "dwarf-with-dsym";
				ENABLE_NS_ASSERTIONS = NO;
				ENABLE_STRICT_OBJC_MSGSEND = YES;
				GCC_C_LANGUAGE_STANDARD = gnu11;
				GCC_NO_COMMON_BLOCKS = YES;
				GCC_WARN_64_TO_32_BIT_CONVERSION = YES;
				GCC_WARN_ABOUT_RETURN_TYPE = YES_ERROR;
				GCC_WARN_UNDECLARED_SELECTOR = YES;
				GCC_WARN_UNINITIALIZED_AUTOS = YES_AGGRESSIVE;
				GCC_WARN_UNUSED_FUNCTION = YES;
				GCC_WARN_UNUSED_VARIABLE = YES;
				IPHONEOS_DEPLOYMENT_TARGET = 14.4;
				MTL_ENABLE_DEBUG_INFO = NO;
				MTL_FAST_MATH = YES;
				SDKROOT = iphoneos;
				SWIFT_COMPILATION_MODE = wholemodule;
				SWIFT_OPTIMIZATION_LEVEL = "-O";
				VALIDATE_PRODUCT = YES;
			};
			name = Release;
		};
		93A4102425DCE5A10020111C /* Debug */ = {
			isa = XCBuildConfiguration;
			buildSettings = {
				ASSETCATALOG_COMPILER_APPICON_NAME = AppIcon;
				ASSETCATALOG_COMPILER_GLOBAL_ACCENT_COLOR_NAME = AccentColor;
				CODE_SIGN_STYLE = Automatic;
				DEVELOPMENT_ASSET_PATHS = "\"TestApp/Preview Content\"";
				DEVELOPMENT_TEAM = KM9RBNDT3T;
				ENABLE_PREVIEWS = YES;
				INFOPLIST_FILE = TestApp/Info.plist;
				IPHONEOS_DEPLOYMENT_TARGET = 14.0;
				LD_RUNPATH_SEARCH_PATHS = (
					"$(inherited)",
					"@executable_path/Frameworks",
				);
				PRODUCT_BUNDLE_IDENTIFIER = com.ema.TestApp;
				PRODUCT_NAME = "$(TARGET_NAME)";
				SWIFT_VERSION = 5.0;
				TARGETED_DEVICE_FAMILY = "1,2";
			};
			name = Debug;
		};
		93A4102525DCE5A10020111C /* Release */ = {
			isa = XCBuildConfiguration;
			buildSettings = {
				ASSETCATALOG_COMPILER_APPICON_NAME = AppIcon;
				ASSETCATALOG_COMPILER_GLOBAL_ACCENT_COLOR_NAME = AccentColor;
				CODE_SIGN_STYLE = Automatic;
				DEVELOPMENT_ASSET_PATHS = "\"TestApp/Preview Content\"";
				DEVELOPMENT_TEAM = KM9RBNDT3T;
				ENABLE_PREVIEWS = YES;
				INFOPLIST_FILE = TestApp/Info.plist;
				IPHONEOS_DEPLOYMENT_TARGET = 14.0;
				LD_RUNPATH_SEARCH_PATHS = (
					"$(inherited)",
					"@executable_path/Frameworks",
				);
				PRODUCT_BUNDLE_IDENTIFIER = com.ema.TestApp;
				PRODUCT_NAME = "$(TARGET_NAME)";
				SWIFT_VERSION = 5.0;
				TARGETED_DEVICE_FAMILY = "1,2";
			};
			name = Release;
		};
/* End XCBuildConfiguration section */

/* Begin XCConfigurationList section */
		93A4100F25DCE59F0020111C /* Build configuration list for PBXProject "TestApp" */ = {
			isa = XCConfigurationList;
			buildConfigurations = (
				93A4102125DCE5A10020111C /* Debug */,
				93A4102225DCE5A10020111C /* Release */,
			);
			defaultConfigurationIsVisible = 0;
			defaultConfigurationName = Release;
		};
		93A4102325DCE5A10020111C /* Build configuration list for PBXNativeTarget "TestApp" */ = {
			isa = XCConfigurationList;
			buildConfigurations = (
				93A4102425DCE5A10020111C /* Debug */,
				93A4102525DCE5A10020111C /* Release */,
			);
			defaultConfigurationIsVisible = 0;
			defaultConfigurationName = Release;
		};
/* End XCConfigurationList section */
	};
	rootObject = 93A4100C25DCE59F0020111C /* Project object */;
}
